{
  "version": 4,
  "terraform_version": "1.14.5",
  "serial": 449,
  "lineage": "b0fe2489-0540-2c6e-fa0e-aac2def95ff5",
  "outputs": {
    "aca_agent_fqdn": {
      "value": "aca-agent.prouddesert-a466f747.swedencentral.azurecontainerapps.io",
      "type": "string"
    },
    "aca_inspector_gadget_fqdn": {
      "value": "inspector-gadget.prouddesert-a466f747.swedencentral.azurecontainerapps.io",
      "type": "string"
    },
    "acr_fqdn": {
      "value": "acr4hostedagent700.azurecr.io",
      "type": "string"
    },
    "acr_name": {
      "value": "acr4hostedagent700",
      "type": "string"
    },
    "app_insights_app_id": {
      "value": "35517b74-a5df-4b56-a0af-649b7a5d9c75",
      "type": "string"
    },
    "app_insights_instrumentation_connection_string": {
      "value": "InstrumentationKey=20b890dd-5a91-4aad-9eba-ee9a7afbf050;IngestionEndpoint=https://swedencentral-0.in.applicationinsights.azure.com/;LiveEndpoint=https://swedencentral.livediagnostics.monitor.azure.com/;ApplicationId=35517b74-a5df-4b56-a0af-649b7a5d9c75",
      "type": "string",
      "sensitive": true
    },
    "app_insights_instrumentation_key": {
      "value": "20b890dd-5a91-4aad-9eba-ee9a7afbf050",
      "type": "string",
      "sensitive": true
    },
    "bing_custom_search_connection_name": {
      "value": "connection-bing-custom-search",
      "type": "string"
    },
    "bing_search_custom_name": {
      "value": "bing-search-custom",
      "type": "string"
    },
    "configuration_bing_search_custom_name": {
      "value": "configuration-bing-search-custom",
      "type": "string"
    },
    "connection_id_bing_search_custom": {
      "value": "/subscriptions/dcef7009-6b94-4382-afdc-17eb160d709a/resourceGroups/rg-foundry-700/providers/Microsoft.CognitiveServices/accounts/foundry-700/projects/project-700/connections/connection-bing-custom-search",
      "type": "string"
    },
    "foundry_api_key": {
      "value": "E20cMgSgoWjSQgJXtUL3DmCNN04QNhlvjRSeoAkwEMHUBBZ5WVjzJQQJ99CBACfhMk5XJ3w3AAAAACOGcNKo",
      "type": "string",
      "sensitive": true
    },
    "foundry_endpoint": {
      "value": "https://foundry-700.cognitiveservices.azure.com/",
      "type": "string"
    },
    "foundry_name": {
      "value": "foundry-700",
      "type": "string"
    },
    "foundry_project_endpoint": {
      "value": "https://foundry-700.services.ai.azure.com/api/projects/project-700",
      "type": "string"
    },
    "foundry_project_name": {
      "value": "project-700",
      "type": "string"
    },
    "function_app_system_keys_mcp_extension": {
      "value": "",
      "type": "string",
      "sensitive": true
    },
    "functions_hostname": {
      "value": "function-app-mcp-700.azurewebsites.net",
      "type": "string"
    },
    "keys_bing_search_custom": {
      "value": {
        "key1": "290645c77e6748f59ff28c1ed73bc581",
        "key2": "81af83b8fba6436184958ef280452d63"
      },
      "type": [
        "object",
        {
          "key1": "string",
          "key2": "string"
        }
      ],
      "sensitive": true
    },
    "keyvault_secret_name": {
      "value": "secret-pass-700",
      "type": "string"
    },
    "keyvault_uri": {
      "value": "https://keyvault4foundry700.vault.azure.net/",
      "type": "string"
    },
    "llm_model_deployment_name": {
      "value": "gpt-4o-mini",
      "type": "string"
    }
  },
  "resources": [
    {
      "mode": "data",
      "type": "azapi_resource_action",
      "name": "function_app_system_keys",
      "provider": "provider[\"registry.terraform.io/azure/azapi\"]",
      "instances": [
        {
          "schema_version": 0,
          "attributes": {
            "action": "listkeys",
            "body": null,
            "headers": null,
            "id": "/subscriptions/dcef7009-6b94-4382-afdc-17eb160d709a/resourceGroups/rg-foundry-700/providers/Microsoft.Web/sites/function-app-mcp-700/host/default",
            "method": "POST",
            "output": {
              "value": {
                "functionKeys": {
                  "default": "U7kuJi4JvKDTVUfV8sfKvzv3qM4Jvq_eMkFRMYLNLW9qAzFuYtH2Dw=="
                },
                "masterKey": "NBKhfVQOcOqKfnQZ1is7iMVxdKaY3XKA35j7A8cBWPP0AzFuiQq0hg==",
                "systemKeys": {}
              },
              "type": [
                "object",
                {
                  "functionKeys": [
                    "object",
                    {
                      "default": "string"
                    }
                  ],
                  "masterKey": "string",
                  "systemKeys": [
                    "object",
                    {}
                  ]
                }
              ]
            },
            "query_parameters": null,
            "resource_id": "/subscriptions/dcef7009-6b94-4382-afdc-17eb160d709a/resourceGroups/rg-foundry-700/providers/Microsoft.Web/sites/function-app-mcp-700/host/default",
            "response_export_values": {
              "value": [
                "*"
              ],
              "type": [
                "tuple",
                [
                  "string"
                ]
              ]
            },
            "retry": null,
            "sensitive_output": {
              "value": {},
              "type": [
                "object",
                {}
              ]
            },
            "sensitive_response_export_values": null,
            "timeouts": null,
            "type": "Microsoft.Web/sites/host@2024-04-01"
          },
          "sensitive_attributes": [
            [
              {
                "type": "get_attr",
                "value": "sensitive_output"
              }
            ]
          ],
          "identity_schema_version": 0
        }
      ]
    },
    {
      "mode": "data",
      "type": "azapi_resource_action",
      "name": "keys_bing_search_custom",
      "provider": "provider[\"registry.terraform.io/azure/azapi\"]",
      "instances": [
        {
          "schema_version": 0,
          "attributes": {
            "action": "listKeys",
            "body": null,
            "headers": null,
            "id": "/subscriptions/dcef7009-6b94-4382-afdc-17eb160d709a/resourceGroups/rg-foundry-700/providers/Microsoft.Bing/accounts/bing-search-custom",
            "method": "POST",
            "output": {
              "value": {},
              "type": [
                "object",
                {}
              ]
            },
            "query_parameters": null,
            "resource_id": "/subscriptions/dcef7009-6b94-4382-afdc-17eb160d709a/resourceGroups/rg-foundry-700/providers/Microsoft.Bing/accounts/bing-search-custom",
            "response_export_values": null,
            "retry": null,
            "sensitive_output": {
              "value": {
                "key1": "290645c77e6748f59ff28c1ed73bc581",
                "key2": "81af83b8fba6436184958ef280452d63"
              },
              "type": [
                "object",
                {
                  "key1": "string",
                  "key2": "string"
                }
              ]
            },
            "sensitive_response_export_values": {
              "value": [
                "key1",
                "key2"
              ],
              "type": [
                "tuple",
                [
                  "string",
                  "string"
                ]
              ]
            },
            "timeouts": null,
            "type": "microsoft.bing/accounts@2025-05-01-preview"
          },
          "sensitive_attributes": [
            [
              {
                "type": "get_attr",
                "value": "sensitive_output"
              }
            ]
          ],
          "identity_schema_version": 0
        }
      ]
    },
    {
      "mode": "data",
      "type": "azurerm_client_config",
      "name": "current",
      "provider": "provider[\"registry.terraform.io/hashicorp/azurerm\"]",
      "instances": [
        {
          "schema_version": 0,
          "attributes": {
            "client_id": "04b07795-8ddb-461a-bbee-02f9e1bf7b46",
            "id": "Y2xpZW50Q29uZmlncy9jbGllbnRJZD0wNGIwNzc5NS04ZGRiLTQ2MWEtYmJlZS0wMmY5ZTFiZjdiNDY7b2JqZWN0SWQ9ODE3M2M0NWQtMDM1ZS00NjkyLThmNDAtNTQwY2Q1ZmMwZjE4O3N1YnNjcmlwdGlvbklkPWRjZWY3MDA5LTZiOTQtNDM4Mi1hZmRjLTE3ZWIxNjBkNzA5YTt0ZW5hbnRJZD05MzEzOWQxZS1hM2MxLTRkNzgtOWVkNS04NzhiZTA5MGViYTQ=",
            "object_id": "8173c45d-035e-4692-8f40-540cd5fc0f18",
            "subscription_id": "dcef7009-6b94-4382-afdc-17eb160d709a",
            "tenant_id": "93139d1e-a3c1-4d78-9ed5-878be090eba4",
            "timeouts": null
          },
          "sensitive_attributes": [],
          "identity_schema_version": 0
        }
      ]
    },
    {
      "mode": "data",
      "type": "azurerm_monitor_diagnostic_categories",
      "name": "categories-bing-search-custom",
      "provider": "provider[\"registry.terraform.io/hashicorp/azurerm\"]",
      "instances": [
        {
          "schema_version": 0,
          "attributes": {
            "id": "/subscriptions/dcef7009-6b94-4382-afdc-17eb160d709a/resourceGroups/rg-foundry-700/providers/Microsoft.Bing/accounts/bing-search-custom",
            "log_category_groups": [],
            "log_category_types": [],
            "metrics": [
              "AllMetrics"
            ],
            "resource_id": "/subscriptions/dcef7009-6b94-4382-afdc-17eb160d709a/resourceGroups/rg-foundry-700/providers/Microsoft.Bing/accounts/bing-search-custom",
            "timeouts": null
          },
          "sensitive_attributes": [],
          "identity_schema_version": 0
        }
      ]
    },
    {
      "mode": "data",
      "type": "azurerm_monitor_diagnostic_categories",
      "name": "categories-foundry",
      "provider": "provider[\"registry.terraform.io/hashicorp/azurerm\"]",
      "instances": [
        {
          "schema_version": 0,
          "attributes": {
            "id": "/subscriptions/dcef7009-6b94-4382-afdc-17eb160d709a/resourceGroups/rg-foundry-700/providers/Microsoft.CognitiveServices/accounts/foundry-700",
            "log_category_groups": [
              "Audit",
              "allLogs"
            ],
            "log_category_types": [
              "Audit",
              "AzureOpenAIRequestUsage",
              "RequestResponse",
              "Trace"
            ],
            "metrics": [
              "AllMetrics"
            ],
            "resource_id": "/subscriptions/dcef7009-6b94-4382-afdc-17eb160d709a/resourceGroups/rg-foundry-700/providers/Microsoft.CognitiveServices/accounts/foundry-700",
            "timeouts": null
          },
          "sensitive_attributes": [],
          "identity_schema_version": 0
        }
      ]
    },
    {
      "mode": "data",
      "type": "azurerm_monitor_diagnostic_categories",
      "name": "categories-foundry-project",
      "provider": "provider[\"registry.terraform.io/hashicorp/azurerm\"]",
      "instances": [
        {
          "schema_version": 0,
          "attributes": {
            "id": "/subscriptions/dcef7009-6b94-4382-afdc-17eb160d709a/resourceGroups/rg-foundry-700/providers/Microsoft.CognitiveServices/accounts/foundry-700/projects/project-700",
            "log_category_groups": [
              "Audit",
              "allLogs"
            ],
            "log_category_types": [
              "Audit",
              "Trace"
            ],
            "metrics": [
              "AllMetrics"
            ],
            "resource_id": "/subscriptions/dcef7009-6b94-4382-afdc-17eb160d709a/resourceGroups/rg-foundry-700/providers/Microsoft.CognitiveServices/accounts/foundry-700/projects/project-700",
            "timeouts": null
          },
          "sensitive_attributes": [],
          "identity_schema_version": 0
        }
      ]
    },
    {
      "mode": "data",
      "type": "azurerm_monitor_diagnostic_categories",
      "name": "categories-nsp",
      "provider": "provider[\"registry.terraform.io/hashicorp/azurerm\"]",
      "instances": [
        {
          "schema_version": 0,
          "attributes": {
            "id": "/subscriptions/dcef7009-6b94-4382-afdc-17eb160d709a/resourceGroups/rg-foundry-700/providers/Microsoft.Network/networkSecurityPerimeters/azure-nsp-700",
            "log_category_groups": [
              "allLogs"
            ],
            "log_category_types": [
              "NspCrossPerimeterInboundAllowed",
              "NspCrossPerimeterOutboundAllowed",
              "NspIntraPerimeterInboundAllowed",
              "NspOutboundAttempt",
              "NspPrivateInboundAllowed",
              "NspPublicInboundPerimeterRulesAllowed",
              "NspPublicInboundPerimeterRulesDenied",
              "NspPublicInboundResourceRulesAllowed",
              "NspPublicInboundResourceRulesDenied",
              "NspPublicOutboundPerimeterRulesAllowed",
              "NspPublicOutboundPerimeterRulesDenied",
              "NspPublicOutboundResourceRulesAllowed",
              "NspPublicOutboundResourceRulesDenied"
            ],
            "metrics": [
              "AllMetrics"
            ],
            "resource_id": "/subscriptions/dcef7009-6b94-4382-afdc-17eb160d709a/resourceGroups/rg-foundry-700/providers/Microsoft.Network/networkSecurityPerimeters/azure-nsp-700",
            "timeouts": null
          },
          "sensitive_attributes": [],
          "identity_schema_version": 0
        }
      ]
    },
    {
      "mode": "managed",
      "type": "azapi_resource",
      "name": "bing_search",
      "provider": "provider[\"registry.terraform.io/azure/azapi\"]",
      "instances": [
        {
          "schema_version": 2,
          "attributes": {
            "body": {
              "value": {
                "kind": "Bing.Grounding",
                "sku": {
                  "name": "G1"
                }
              },
              "type": [
                "object",
                {
                  "kind": "string",
                  "sku": [
                    "object",
                    {
                      "name": "string"
                    }
                  ]
                }
              ]
            },
            "create_headers": null,
            "create_query_parameters": null,
            "delete_headers": null,
            "delete_query_parameters": null,
            "id": "/subscriptions/dcef7009-6b94-4382-afdc-17eb160d709a/resourceGroups/rg-foundry-700/providers/Microsoft.Bing/accounts/bing-search-270",
            "identity": [],
            "ignore_casing": false,
            "ignore_missing_property": true,
            "ignore_null_property": false,
            "location": "global",
            "locks": null,
            "name": "bing-search-270",
            "output": {
              "value": {},
              "type": [
                "object",
                {}
              ]
            },
            "parent_id": "/subscriptions/dcef7009-6b94-4382-afdc-17eb160d709a/resourceGroups/rg-foundry-700",
            "read_headers": null,
            "read_query_parameters": null,
            "replace_triggers_external_values": null,
            "replace_triggers_refs": null,
            "response_export_values": null,
            "retry": null,
            "schema_validation_enabled": false,
            "sensitive_body": null,
            "sensitive_body_version": null,
            "tags": null,
            "timeouts": null,
            "type": "Microsoft.Bing/accounts@2025-05-01-preview",
            "update_headers": null,
            "update_query_parameters": null
          },
          "sensitive_attributes": [],
          "identity_schema_version": 0,
          "identity": {
            "id": "/subscriptions/dcef7009-6b94-4382-afdc-17eb160d709a/resourceGroups/rg-foundry-700/providers/Microsoft.Bing/accounts/bing-search-270",
            "type": null
          },
          "private": "eyJzZW5zaXRpdmVfYm9keSI6ImV5Sm9ZWE5vSWpvaVpFTk9UMjFMTDI1VFdTc3hNblpJZW1GelRGaHBjM2Q2YkVkVU5WVklRVGRxUVVkWmEzWnRRM1ZSY3owaWZRPT0ifQ==",
          "dependencies": [
            "azurerm_resource_group.rg"
          ]
        }
      ]
    },
    {
      "mode": "managed",
      "type": "azapi_resource",
      "name": "bing_search_custom",
      "provider": "provider[\"registry.terraform.io/azure/azapi\"]",
      "instances": [
        {
          "schema_version": 2,
          "attributes": {
            "body": {
              "value": {
                "kind": "Bing.GroundingCustomSearch",
                "sku": {
                  "name": "G2"
                }
              },
              "type": [
                "object",
                {
                  "kind": "string",
                  "sku": [
                    "object",
                    {
                      "name": "string"
                    }
                  ]
                }
              ]
            },
            "create_headers": null,
            "create_query_parameters": null,
            "delete_headers": null,
            "delete_query_parameters": null,
            "id": "/subscriptions/dcef7009-6b94-4382-afdc-17eb160d709a/resourceGroups/rg-foundry-700/providers/Microsoft.Bing/accounts/bing-search-custom",
            "identity": [],
            "ignore_casing": false,
            "ignore_missing_property": true,
            "ignore_null_property": false,
            "location": "global",
            "locks": null,
            "name": "bing-search-custom",
            "output": {
              "value": {
                "etag": "\"50017437-0000-0500-0000-6998e6530000\"",
                "id": "/subscriptions/dcef7009-6b94-4382-afdc-17eb160d709a/resourceGroups/rg-foundry-700/providers/Microsoft.Bing/accounts/bing-search-custom",
                "kind": "Bing.GroundingCustomSearch",
                "location": "global",
                "name": "bing-search-custom",
                "properties": {
                  "endpoint": "https://api.bing.microsoft.com/",
                  "internalId": "5904a6b137574e738b624dd570ac948d",
                  "provisioningState": "Succeeded",
                  "statisticsEnabled": false
                },
                "sku": {
                  "name": "G2"
                },
                "systemData": {
                  "createdAt": "2026-02-20T22:55:11.8116244Z",
                  "createdBy": "admin@MngEnvMCAP784683.onmicrosoft.com",
                  "createdByType": "User",
                  "lastModifiedAt": "2026-02-20T22:55:11.8116244Z",
                  "lastModifiedBy": "admin@MngEnvMCAP784683.onmicrosoft.com",
                  "lastModifiedByType": "User"
                },
                "type": "microsoft.bing/accounts"
              },
              "type": [
                "object",
                {
                  "etag": "string",
                  "id": "string",
                  "kind": "string",
                  "location": "string",
                  "name": "string",
                  "properties": [
                    "object",
                    {
                      "endpoint": "string",
                      "internalId": "string",
                      "provisioningState": "string",
                      "statisticsEnabled": "bool"
                    }
                  ],
                  "sku": [
                    "object",
                    {
                      "name": "string"
                    }
                  ],
                  "systemData": [
                    "object",
                    {
                      "createdAt": "string",
                      "createdBy": "string",
                      "createdByType": "string",
                      "lastModifiedAt": "string",
                      "lastModifiedBy": "string",
                      "lastModifiedByType": "string"
                    }
                  ],
                  "type": "string"
                }
              ]
            },
            "parent_id": "/subscriptions/dcef7009-6b94-4382-afdc-17eb160d709a/resourceGroups/rg-foundry-700",
            "read_headers": null,
            "read_query_parameters": null,
            "replace_triggers_external_values": null,
            "replace_triggers_refs": null,
            "response_export_values": {
              "value": [
                "*"
              ],
              "type": [
                "tuple",
                [
                  "string"
                ]
              ]
            },
            "retry": null,
            "schema_validation_enabled": false,
            "sensitive_body": null,
            "sensitive_body_version": null,
            "tags": null,
            "timeouts": null,
            "type": "Microsoft.Bing/accounts@2025-05-01-preview",
            "update_headers": null,
            "update_query_parameters": null
          },
          "sensitive_attributes": [],
          "identity_schema_version": 0,
          "identity": {
            "id": "/subscriptions/dcef7009-6b94-4382-afdc-17eb160d709a/resourceGroups/rg-foundry-700/providers/Microsoft.Bing/accounts/bing-search-custom",
            "type": null
          },
          "private": "eyJzZW5zaXRpdmVfYm9keSI6ImV5Sm9ZWE5vSWpvaVpFTk9UMjFMTDI1VFdTc3hNblpJZW1GelRGaHBjM2Q2YkVkVU5WVklRVGRxUVVkWmEzWnRRM1ZSY3owaWZRPT0ifQ==",
          "dependencies": [
            "azurerm_resource_group.rg"
          ]
        }
      ]
    },
    {
      "mode": "managed",
      "type": "azapi_resource",
      "name": "configuration_bing_search_custom",
      "provider": "provider[\"registry.terraform.io/azure/azapi\"]",
      "instances": [
        {
          "schema_version": 2,
          "attributes": {
            "body": {
              "value": {
                "properties": {
                  "allowedDomains": [
                    {
                      "boostLevel": "Boosted",
                      "domain": "microsoft.com",
                      "includeSubPages": true
                    },
                    {
                      "boostLevel": "Boosted",
                      "domain": "github.com",
                      "includeSubPages": true
                    },
                    {
                      "boostLevel": "Boosted",
                      "domain": "learn.microsoft.com",
                      "includeSubPages": true
                    },
                    {
                      "boostLevel": "Boosted",
                      "domain": "techcommunity.microsoft.com",
                      "includeSubPages": true
                    }
                  ],
                  "blockedDomains": [
                    {
                      "domain": "wikipedia.org",
                      "includeSubPages": true
                    }
                  ]
                }
              },
              "type": [
                "object",
                {
                  "properties": [
                    "object",
                    {
                      "allowedDomains": [
                        "tuple",
                        [
                          [
                            "object",
                            {
                              "boostLevel": "string",
                              "domain": "string",
                              "includeSubPages": "bool"
                            }
                          ],
                          [
                            "object",
                            {
                              "boostLevel": "string",
                              "domain": "string",
                              "includeSubPages": "bool"
                            }
                          ],
                          [
                            "object",
                            {
                              "boostLevel": "string",
                              "domain": "string",
                              "includeSubPages": "bool"
                            }
                          ],
                          [
                            "object",
                            {
                              "boostLevel": "string",
                              "domain": "string",
                              "includeSubPages": "bool"
                            }
                          ]
                        ]
                      ],
                      "blockedDomains": [
                        "tuple",
                        [
                          [
                            "object",
                            {
                              "domain": "string",
                              "includeSubPages": "bool"
                            }
                          ]
                        ]
                      ]
                    }
                  ]
                }
              ]
            },
            "create_headers": null,
            "create_query_parameters": null,
            "delete_headers": null,
            "delete_query_parameters": null,
            "id": "/subscriptions/dcef7009-6b94-4382-afdc-17eb160d709a/resourceGroups/rg-foundry-700/providers/Microsoft.Bing/accounts/bing-search-custom/customSearchConfigurations/configuration-bing-search-custom",
            "identity": [],
            "ignore_casing": false,
            "ignore_missing_property": true,
            "ignore_null_property": false,
            "location": null,
            "locks": null,
            "name": "configuration-bing-search-custom",
            "output": {
              "value": {},
              "type": [
                "object",
                {}
              ]
            },
            "parent_id": "/subscriptions/dcef7009-6b94-4382-afdc-17eb160d709a/resourceGroups/rg-foundry-700/providers/Microsoft.Bing/accounts/bing-search-custom",
            "read_headers": null,
            "read_query_parameters": null,
            "replace_triggers_external_values": null,
            "replace_triggers_refs": null,
            "response_export_values": null,
            "retry": null,
            "schema_validation_enabled": false,
            "sensitive_body": null,
            "sensitive_body_version": null,
            "tags": null,
            "timeouts": null,
            "type": "Microsoft.Bing/accounts/customSearchConfigurations@2025-05-01-preview",
            "update_headers": null,
            "update_query_parameters": null
          },
          "sensitive_attributes": [],
          "identity_schema_version": 0,
          "identity": {
            "id": "/subscriptions/dcef7009-6b94-4382-afdc-17eb160d709a/resourceGroups/rg-foundry-700/providers/Microsoft.Bing/accounts/bing-search-custom/customSearchConfigurations/configuration-bing-search-custom",
            "type": null
          },
          "private": "eyJzZW5zaXRpdmVfYm9keSI6ImV5Sm9ZWE5vSWpvaVpFTk9UMjFMTDI1VFdTc3hNblpJZW1GelRGaHBjM2Q2YkVkVU5WVklRVGRxUVVkWmEzWnRRM1ZSY3owaWZRPT0ifQ==",
          "dependencies": [
            "azapi_resource.bing_search_custom",
            "azurerm_resource_group.rg"
          ]
        }
      ]
    },
    {
      "mode": "managed",
      "type": "azapi_resource",
      "name": "connection_bing_search_custom",
      "provider": "provider[\"registry.terraform.io/azure/azapi\"]",
      "instances": [
        {
          "schema_version": 2,
          "attributes": {
            "body": {
              "value": {
                "name": "connection-bing-custom-search",
                "properties": {
                  "authType": "ApiKey",
                  "category": "GroundingWithCustomSearch",
                  "metadata": {
                    "ApiType": "Azure",
                    "ResourceId": "/subscriptions/dcef7009-6b94-4382-afdc-17eb160d709a/resourceGroups/rg-foundry-700/providers/Microsoft.Bing/accounts/bing-search-custom",
                    "location": "swedencentral"
                  },
                  "target": "https://api.bing.microsoft.com/"
                }
              },
              "type": [
                "object",
                {
                  "name": "string",
                  "properties": [
                    "object",
                    {
                      "authType": "string",
                      "category": "string",
                      "metadata": [
                        "object",
                        {
                          "ApiType": "string",
                          "ResourceId": "string",
                          "location": "string"
                        }
                      ],
                      "target": "string"
                    }
                  ]
                }
              ]
            },
            "create_headers": null,
            "create_query_parameters": null,
            "delete_headers": null,
            "delete_query_parameters": null,
            "id": "/subscriptions/dcef7009-6b94-4382-afdc-17eb160d709a/resourceGroups/rg-foundry-700/providers/Microsoft.CognitiveServices/accounts/foundry-700/projects/project-700/connections/connection-bing-custom-search",
            "identity": [],
            "ignore_casing": false,
            "ignore_missing_property": true,
            "ignore_null_property": false,
            "location": null,
            "locks": null,
            "name": "connection-bing-custom-search",
            "output": {
              "value": {
                "id": "/subscriptions/dcef7009-6b94-4382-afdc-17eb160d709a/resourceGroups/rg-foundry-700/providers/Microsoft.CognitiveServices/accounts/foundry-700/projects/project-700/connections/connection-bing-custom-search",
                "properties": {
                  "category": "GroundingWithCustomSearch",
                  "error": null,
                  "expiryTime": null,
                  "group": "AzureAI",
                  "isSharedToAll": false,
                  "metadata": {
                    "ApiType": "Azure",
                    "ResourceId": "/subscriptions/dcef7009-6b94-4382-afdc-17eb160d709a/resourceGroups/rg-foundry-700/providers/Microsoft.Bing/accounts/bing-search-custom",
                    "location": "swedencentral"
                  },
                  "peRequirement": "NotRequired",
                  "peStatus": "NotApplicable",
                  "sharedUserList": [],
                  "target": "https://api.bing.microsoft.com/",
                  "useWorkspaceManagedIdentity": false
                },
                "type": "Microsoft.CognitiveServices/accounts/projects/connections"
              },
              "type": [
                "object",
                {
                  "id": "string",
                  "properties": [
                    "object",
                    {
                      "category": "string",
                      "error": "dynamic",
                      "expiryTime": "dynamic",
                      "group": "string",
                      "isSharedToAll": "bool",
                      "metadata": [
                        "object",
                        {
                          "ApiType": "string",
                          "ResourceId": "string",
                          "location": "string"
                        }
                      ],
                      "peRequirement": "string",
                      "peStatus": "string",
                      "sharedUserList": [
                        "tuple",
                        []
                      ],
                      "target": "string",
                      "useWorkspaceManagedIdentity": "bool"
                    }
                  ],
                  "type": "string"
                }
              ]
            },
            "parent_id": "/subscriptions/dcef7009-6b94-4382-afdc-17eb160d709a/resourceGroups/rg-foundry-700/providers/Microsoft.CognitiveServices/accounts/foundry-700/projects/project-700",
            "read_headers": null,
            "read_query_parameters": null,
            "replace_triggers_external_values": null,
            "replace_triggers_refs": null,
            "response_export_values": null,
            "retry": null,
            "schema_validation_enabled": false,
            "sensitive_body": null,
            "sensitive_body_version": null,
            "tags": null,
            "timeouts": null,
            "type": "Microsoft.CognitiveServices/accounts/projects/connections@2025-06-01",
            "update_headers": null,
            "update_query_parameters": null
          },
          "sensitive_attributes": [],
          "identity_schema_version": 0,
          "identity": {
            "id": "/subscriptions/dcef7009-6b94-4382-afdc-17eb160d709a/resourceGroups/rg-foundry-700/providers/Microsoft.CognitiveServices/accounts/foundry-700/projects/project-700/connections/connection-bing-custom-search",
            "type": null
          },
          "private": "eyJzZW5zaXRpdmVfYm9keSI6ImV5Sm9ZWE5vSWpvaWFubDBaSEZaTDNoU1ltdG5VMmN4UjFSS1ZqRk5TMkYxU1RGb1ZTdFJVRWhGTjI1NUwyMXBjRzFTVVQwaWZRPT0ifQ==",
          "dependencies": [
            "azapi_resource.bing_search_custom",
            "azurerm_cognitive_account.foundry",
            "azurerm_cognitive_account_project.project",
            "azurerm_resource_group.rg",
            "data.azapi_resource_action.keys_bing_search_custom"
          ]
        }
      ]
    },
    {
      "mode": "managed",
      "type": "azapi_resource",
      "name": "foundry_capability_host",
      "provider": "provider[\"registry.terraform.io/azure/azapi\"]",
      "instances": [
        {
          "schema_version": 2,
          "attributes": {
            "body": {
              "value": {
                "properties": {
                  "aiServicesConnections": null,
                  "capabilityHostKind": "Agents",
                  "customerSubnet": null,
                  "description": null,
                  "enablePublicHostingEnvironment": true,
                  "storageConnections": null,
                  "tags": null,
                  "threadStorageConnections": null,
                  "vectorStoreConnections": null
                }
              },
              "type": [
                "object",
                {
                  "properties": [
                    "object",
                    {
                      "aiServicesConnections": "dynamic",
                      "capabilityHostKind": "string",
                      "customerSubnet": "dynamic",
                      "description": "dynamic",
                      "enablePublicHostingEnvironment": "bool",
                      "storageConnections": "dynamic",
                      "tags": "dynamic",
                      "threadStorageConnections": "dynamic",
                      "vectorStoreConnections": "dynamic"
                    }
                  ]
                }
              ]
            },
            "create_headers": null,
            "create_query_parameters": null,
            "delete_headers": null,
            "delete_query_parameters": null,
            "id": "/subscriptions/dcef7009-6b94-4382-afdc-17eb160d709a/resourceGroups/rg-foundry-700/providers/Microsoft.CognitiveServices/accounts/foundry-700/capabilityHosts/foundry-capability-host-700",
            "identity": [],
            "ignore_casing": false,
            "ignore_missing_property": true,
            "ignore_null_property": false,
            "location": null,
            "locks": null,
            "name": "foundry-capability-host-700",
            "output": {
              "value": {
                "id": "/subscriptions/dcef7009-6b94-4382-afdc-17eb160d709a/resourceGroups/rg-foundry-700/providers/Microsoft.CognitiveServices/accounts/foundry-700/capabilityHosts/foundry-capability-host-700",
                "properties": {
                  "provisioningState": "Succeeded"
                },
                "type": "Microsoft.CognitiveServices/accounts/capabilityHosts"
              },
              "type": [
                "object",
                {
                  "id": "string",
                  "properties": [
                    "object",
                    {
                      "provisioningState": "string"
                    }
                  ],
                  "type": "string"
                }
              ]
            },
            "parent_id": "/subscriptions/dcef7009-6b94-4382-afdc-17eb160d709a/resourceGroups/rg-foundry-700/providers/Microsoft.CognitiveServices/accounts/foundry-700",
            "read_headers": null,
            "read_query_parameters": null,
            "replace_triggers_external_values": null,
            "replace_triggers_refs": null,
            "response_export_values": null,
            "retry": null,
            "schema_validation_enabled": false,
            "sensitive_body": null,
            "sensitive_body_version": null,
            "tags": null,
            "timeouts": null,
            "type": "Microsoft.CognitiveServices/accounts/capabilityHosts@2025-10-01-preview",
            "update_headers": null,
            "update_query_parameters": null
          },
          "sensitive_attributes": [],
          "identity_schema_version": 0,
          "identity": {
            "id": "/subscriptions/dcef7009-6b94-4382-afdc-17eb160d709a/resourceGroups/rg-foundry-700/providers/Microsoft.CognitiveServices/accounts/foundry-700/capabilityHosts/foundry-capability-host-700",
            "type": "Microsoft.CognitiveServices/accounts/capabilityHosts@2025-10-01-preview"
          },
          "private": "eyJzZW5zaXRpdmVfYm9keSI6ImV5Sm9ZWE5vSWpvaVpFTk9UMjFMTDI1VFdTc3hNblpJZW1GelRGaHBjM2Q2YkVkVU5WVklRVGRxUVVkWmEzWnRRM1ZSY3owaWZRPT0ifQ==",
          "dependencies": [
            "azurerm_cognitive_account.foundry",
            "azurerm_resource_group.rg"
          ]
        }
      ]
    },
    {
      "mode": "managed",
      "type": "azapi_resource",
      "name": "foundry_project_capability_host",
      "provider": "provider[\"registry.terraform.io/azure/azapi\"]",
      "instances": [
        {
          "schema_version": 2,
          "attributes": {
            "body": {
              "value": {
                "properties": {
                  "capabilityHostKind": "Agents",
                  "enablePublicHostingEnvironment": true
                }
              },
              "type": [
                "object",
                {
                  "properties": [
                    "object",
                    {
                      "capabilityHostKind": "string",
                      "enablePublicHostingEnvironment": "bool"
                    }
                  ]
                }
              ]
            },
            "create_headers": null,
            "create_query_parameters": null,
            "delete_headers": null,
            "delete_query_parameters": null,
            "id": "/subscriptions/dcef7009-6b94-4382-afdc-17eb160d709a/resourceGroups/rg-foundry-700/providers/Microsoft.CognitiveServices/accounts/foundry-700/projects/project-700/capabilityHosts/foundry-project-capability-host",
            "identity": [],
            "ignore_casing": false,
            "ignore_missing_property": true,
            "ignore_null_property": false,
            "location": null,
            "locks": null,
            "name": "foundry-project-capability-host",
            "output": {
              "value": {
                "id": "/subscriptions/dcef7009-6b94-4382-afdc-17eb160d709a/resourceGroups/rg-foundry-700/providers/Microsoft.CognitiveServices/accounts/foundry-700/projects/project-700/capabilityHosts/foundry-project-capability-host",
                "properties": {
                  "provisioningState": "Succeeded"
                },
                "type": "Microsoft.CognitiveServices/accounts/projects/capabilityHosts"
              },
              "type": [
                "object",
                {
                  "id": "string",
                  "properties": [
                    "object",
                    {
                      "provisioningState": "string"
                    }
                  ],
                  "type": "string"
                }
              ]
            },
            "parent_id": "/subscriptions/dcef7009-6b94-4382-afdc-17eb160d709a/resourceGroups/rg-foundry-700/providers/Microsoft.CognitiveServices/accounts/foundry-700/projects/project-700",
            "read_headers": null,
            "read_query_parameters": null,
            "replace_triggers_external_values": null,
            "replace_triggers_refs": null,
            "response_export_values": null,
            "retry": null,
            "schema_validation_enabled": false,
            "sensitive_body": null,
            "sensitive_body_version": null,
            "tags": null,
            "timeouts": null,
            "type": "Microsoft.CognitiveServices/accounts/projects/capabilityHosts@2025-10-01-preview",
            "update_headers": null,
            "update_query_parameters": null
          },
          "sensitive_attributes": [],
          "identity_schema_version": 0,
          "identity": {
            "id": "/subscriptions/dcef7009-6b94-4382-afdc-17eb160d709a/resourceGroups/rg-foundry-700/providers/Microsoft.CognitiveServices/accounts/foundry-700/projects/project-700/capabilityHosts/foundry-project-capability-host",
            "type": null
          },
          "private": "eyJzZW5zaXRpdmVfYm9keSI6ImV5Sm9ZWE5vSWpvaVpFTk9UMjFMTDI1VFdTc3hNblpJZW1GelRGaHBjM2Q2YkVkVU5WVklRVGRxUVVkWmEzWnRRM1ZSY3owaWZRPT0ifQ==",
          "dependencies": [
            "azapi_resource.foundry_capability_host",
            "azurerm_cognitive_account.foundry",
            "azurerm_cognitive_account_project.project",
            "azurerm_resource_group.rg"
          ]
        }
      ]
    },
    {
      "mode": "managed",
      "type": "azapi_resource",
      "name": "function_app",
      "provider": "provider[\"registry.terraform.io/azure/azapi\"]",
      "instances": [
        {
          "schema_version": 2,
          "attributes": {
            "body": {
              "value": {
                "kind": "functionapp,linux",
                "properties": {
                  "functionAppConfig": {
                    "deployment": {
                      "storage": {
                        "authentication": {
                          "type": "systemassignedidentity"
                        },
                        "type": "blobcontainer",
                        "value": "https://storage4functions700.blob.core.windows.net/app-packages-functions"
                      }
                    },
                    "runtime": {
                      "name": "python",
                      "version": "3.13"
                    },
                    "scaleAndConcurrency": {
                      "instanceMemoryMB": 2048,
                      "maximumInstanceCount": 40
                    }
                  },
                  "serverFarmId": "/subscriptions/dcef7009-6b94-4382-afdc-17eb160d709a/resourceGroups/rg-foundry-700/providers/Microsoft.Web/serverFarms/app-service-plan-functions",
                  "siteConfig": {
                    "appSettings": [
                      {
                        "name": "AzureWebJobsStorage__accountName",
                        "value": "storage4functions700"
                      },
                      {
                        "name": "APPLICATIONINSIGHTS_CONNECTION_STRING",
                        "value": "InstrumentationKey=20b890dd-5a91-4aad-9eba-ee9a7afbf050;IngestionEndpoint=https://swedencentral-0.in.applicationinsights.azure.com/;LiveEndpoint=https://swedencentral.livediagnostics.monitor.azure.com/;ApplicationId=35517b74-a5df-4b56-a0af-649b7a5d9c75"
                      }
                    ]
                  }
                }
              },
              "type": [
                "object",
                {
                  "kind": "string",
                  "properties": [
                    "object",
                    {
                      "functionAppConfig": [
                        "object",
                        {
                          "deployment": [
                            "object",
                            {
                              "storage": [
                                "object",
                                {
                                  "authentication": [
                                    "object",
                                    {
                                      "type": "string"
                                    }
                                  ],
                                  "type": "string",
                                  "value": "string"
                                }
                              ]
                            }
                          ],
                          "runtime": [
                            "object",
                            {
                              "name": "string",
                              "version": "string"
                            }
                          ],
                          "scaleAndConcurrency": [
                            "object",
                            {
                              "instanceMemoryMB": "number",
                              "maximumInstanceCount": "number"
                            }
                          ]
                        }
                      ],
                      "serverFarmId": "string",
                      "siteConfig": [
                        "object",
                        {
                          "appSettings": [
                            "tuple",
                            [
                              [
                                "object",
                                {
                                  "name": "string",
                                  "value": "string"
                                }
                              ],
                              [
                                "object",
                                {
                                  "name": "string",
                                  "value": "string"
                                }
                              ]
                            ]
                          ]
                        }
                      ]
                    }
                  ]
                }
              ]
            },
            "create_headers": null,
            "create_query_parameters": null,
            "delete_headers": null,
            "delete_query_parameters": null,
            "id": "/subscriptions/dcef7009-6b94-4382-afdc-17eb160d709a/resourceGroups/rg-foundry-700/providers/Microsoft.Web/sites/function-app-mcp-700",
            "identity": [
              {
                "identity_ids": null,
                "principal_id": "34da49b9-1e5f-410c-8972-a63e074d39e7",
                "tenant_id": "93139d1e-a3c1-4d78-9ed5-878be090eba4",
                "type": "SystemAssigned"
              }
            ],
            "ignore_casing": false,
            "ignore_missing_property": true,
            "ignore_null_property": false,
            "location": "swedencentral",
            "locks": null,
            "name": "function-app-mcp-700",
            "output": {
              "value": {
                "id": "/subscriptions/dcef7009-6b94-4382-afdc-17eb160d709a/resourceGroups/rg-foundry-700/providers/Microsoft.Web/sites/function-app-mcp-700",
                "identity": {
                  "principalId": "34da49b9-1e5f-410c-8972-a63e074d39e7",
                  "tenantId": "93139d1e-a3c1-4d78-9ed5-878be090eba4",
                  "type": "SystemAssigned"
                },
                "location": "Sweden Central",
                "name": "function-app-mcp-700",
                "properties": {
                  "defaultHostName": "function-app-mcp-700.azurewebsites.net"
                }
              },
              "type": [
                "object",
                {
                  "id": "string",
                  "identity": [
                    "object",
                    {
                      "principalId": "string",
                      "tenantId": "string",
                      "type": "string"
                    }
                  ],
                  "location": "string",
                  "name": "string",
                  "properties": [
                    "object",
                    {
                      "defaultHostName": "string"
                    }
                  ]
                }
              ]
            },
            "parent_id": "/subscriptions/dcef7009-6b94-4382-afdc-17eb160d709a/resourceGroups/rg-foundry-700",
            "read_headers": null,
            "read_query_parameters": null,
            "replace_triggers_external_values": null,
            "replace_triggers_refs": null,
            "response_export_values": {
              "value": [
                "id",
                "name",
                "location",
                "identity",
                "properties.defaultHostName"
              ],
              "type": [
                "tuple",
                [
                  "string",
                  "string",
                  "string",
                  "string",
                  "string"
                ]
              ]
            },
            "retry": null,
            "schema_validation_enabled": false,
            "sensitive_body": null,
            "sensitive_body_version": null,
            "tags": null,
            "timeouts": null,
            "type": "Microsoft.Web/sites@2025-03-01",
            "update_headers": null,
            "update_query_parameters": null
          },
          "sensitive_attributes": [
            [
              {
                "type": "get_attr",
                "value": "body"
              },
              {
                "type": "get_attr",
                "value": "properties"
              },
              {
                "type": "get_attr",
                "value": "siteConfig"
              },
              {
                "type": "get_attr",
                "value": "appSettings"
              },
              {
                "type": "index",
                "value": {
                  "value": 1,
                  "type": "number"
                }
              },
              {
                "type": "get_attr",
                "value": "value"
              }
            ]
          ],
          "identity_schema_version": 0,
          "identity": {
            "id": "/subscriptions/dcef7009-6b94-4382-afdc-17eb160d709a/resourceGroups/rg-foundry-700/providers/Microsoft.Web/sites/function-app-mcp-700",
            "type": null
          },
          "private": "eyJzZW5zaXRpdmVfYm9keSI6ImV5Sm9ZWE5vSWpvaVpFTk9UMjFMTDI1VFdTc3hNblpJZW1GelRGaHBjM2Q2YkVkVU5WVklRVGRxUVVkWmEzWnRRM1ZSY3owaWZRPT0ifQ==",
          "dependencies": [
            "azurerm_application_insights.app_insights",
            "azurerm_log_analytics_workspace.workspace",
            "azurerm_resource_group.rg",
            "azurerm_service_plan.app_service_plan_functions",
            "azurerm_storage_account.storage_functions",
            "azurerm_storage_container.container_functions"
          ]
        }
      ]
    },
    {
      "mode": "managed",
      "type": "azapi_resource_action",
      "name": "purge_ai_foundry",
      "provider": "provider[\"registry.terraform.io/azure/azapi\"]",
      "instances": [
        {
          "schema_version": 2,
          "attributes": {
            "action": null,
            "body": null,
            "headers": null,
            "id": "/subscriptions/dcef7009-6b94-4382-afdc-17eb160d709a/providers/Microsoft.CognitiveServices/locations/swedencentral/resourceGroups/rg-foundry-700/deletedAccounts/foundry-700",
            "locks": null,
            "method": "DELETE",
            "output": null,
            "query_parameters": null,
            "resource_id": "/subscriptions/dcef7009-6b94-4382-afdc-17eb160d709a/providers/Microsoft.CognitiveServices/locations/swedencentral/resourceGroups/rg-foundry-700/deletedAccounts/foundry-700",
            "response_export_values": null,
            "retry": null,
            "sensitive_output": null,
            "sensitive_response_export_values": null,
            "timeouts": null,
            "type": "Microsoft.Resources/resourceGroups/deletedAccounts@2021-04-30",
            "when": "destroy"
          },
          "sensitive_attributes": [
            [
              {
                "type": "get_attr",
                "value": "sensitive_output"
              }
            ]
          ],
          "identity_schema_version": 0,
          "dependencies": [
            "azurerm_resource_group.rg",
            "data.azurerm_client_config.current",
            "time_sleep.purge_ai_foundry_cooldown"
          ]
        }
      ]
    },
    {
      "mode": "managed",
      "type": "azurerm_application_insights",
      "name": "app_insights",
      "provider": "provider[\"registry.terraform.io/hashicorp/azurerm\"]",
      "instances": [
        {
          "schema_version": 2,
          "attributes": {
            "app_id": "35517b74-a5df-4b56-a0af-649b7a5d9c75",
            "application_type": "web",
            "connection_string": "InstrumentationKey=20b890dd-5a91-4aad-9eba-ee9a7afbf050;IngestionEndpoint=https://swedencentral-0.in.applicationinsights.azure.com/;LiveEndpoint=https://swedencentral.livediagnostics.monitor.azure.com/;ApplicationId=35517b74-a5df-4b56-a0af-649b7a5d9c75",
            "daily_data_cap_in_gb": 100,
            "daily_data_cap_notifications_disabled": false,
            "disable_ip_masking": false,
            "force_customer_storage_for_profiler": false,
            "id": "/subscriptions/dcef7009-6b94-4382-afdc-17eb160d709a/resourceGroups/rg-foundry-700/providers/Microsoft.Insights/components/app-insights-700",
            "instrumentation_key": "20b890dd-5a91-4aad-9eba-ee9a7afbf050",
            "internet_ingestion_enabled": true,
            "internet_query_enabled": true,
            "local_authentication_disabled": false,
            "location": "swedencentral",
            "name": "app-insights-700",
            "resource_group_name": "rg-foundry-700",
            "retention_in_days": 30,
            "sampling_percentage": 100,
            "tags": {},
            "timeouts": null,
            "workspace_id": "/subscriptions/dcef7009-6b94-4382-afdc-17eb160d709a/resourceGroups/rg-foundry-700/providers/Microsoft.OperationalInsights/workspaces/log-analytics-700"
          },
          "sensitive_attributes": [
            [
              {
                "type": "get_attr",
                "value": "connection_string"
              }
            ],
            [
              {
                "type": "get_attr",
                "value": "instrumentation_key"
              }
            ]
          ],
          "identity_schema_version": 0,
          "identity": {
            "name": "app-insights-700",
            "resource_group_name": "rg-foundry-700",
            "subscription_id": "dcef7009-6b94-4382-afdc-17eb160d709a"
          },
          "private": "eyJlMmJmYjczMC1lY2FhLTExZTYtOGY4OC0zNDM2M2JjN2M0YzAiOnsiY3JlYXRlIjozNjAwMDAwMDAwMDAwLCJkZWxldGUiOjE4MDAwMDAwMDAwMDAsInJlYWQiOjMwMDAwMDAwMDAwMCwidXBkYXRlIjoxODAwMDAwMDAwMDAwfSwic2NoZW1hX3ZlcnNpb24iOiIyIn0=",
          "dependencies": [
            "azurerm_log_analytics_workspace.workspace",
            "azurerm_resource_group.rg"
          ]
        }
      ]
    },
    {
      "mode": "managed",
      "type": "azurerm_cognitive_account",
      "name": "foundry",
      "provider": "provider[\"registry.terraform.io/hashicorp/azurerm\"]",
      "instances": [
        {
          "schema_version": 0,
          "attributes": {
            "custom_question_answering_search_service_id": "",
            "custom_question_answering_search_service_key": null,
            "custom_subdomain_name": "foundry-700",
            "customer_managed_key": [],
            "dynamic_throttling_enabled": false,
            "endpoint": "https://foundry-700.cognitiveservices.azure.com/",
            "fqdns": [],
            "id": "/subscriptions/dcef7009-6b94-4382-afdc-17eb160d709a/resourceGroups/rg-foundry-700/providers/Microsoft.CognitiveServices/accounts/foundry-700",
            "identity": [
              {
                "identity_ids": [],
                "principal_id": "b370fc3b-9641-4919-a1ea-08235184c26b",
                "tenant_id": "93139d1e-a3c1-4d78-9ed5-878be090eba4",
                "type": "SystemAssigned"
              }
            ],
            "kind": "AIServices",
            "local_auth_enabled": true,
            "location": "swedencentral",
            "metrics_advisor_aad_client_id": "",
            "metrics_advisor_aad_tenant_id": "",
            "metrics_advisor_super_user_name": "",
            "metrics_advisor_website_name": "",
            "name": "foundry-700",
            "network_acls": [],
            "network_injection": [],
            "outbound_network_access_restricted": false,
            "primary_access_key": "E20cMgSgoWjSQgJXtUL3DmCNN04QNhlvjRSeoAkwEMHUBBZ5WVjzJQQJ99CBACfhMk5XJ3w3AAAAACOGcNKo",
            "project_management_enabled": true,
            "public_network_access_enabled": true,
            "qna_runtime_endpoint": "",
            "resource_group_name": "rg-foundry-700",
            "secondary_access_key": "EZXwLlMSmqt29DSxXbQavqUfhVEnO9OH4QzHAU6084cnDOxQY9S7JQQJ99CBACfhMk5XJ3w3AAAAACOG21kD",
            "sku_name": "S0",
            "storage": [],
            "tags": {
              "SecurityControl": "Ignore"
            },
            "timeouts": null
          },
          "sensitive_attributes": [
            [
              {
                "type": "get_attr",
                "value": "custom_question_answering_search_service_key"
              }
            ],
            [
              {
                "type": "get_attr",
                "value": "primary_access_key"
              }
            ],
            [
              {
                "type": "get_attr",
                "value": "secondary_access_key"
              }
            ]
          ],
          "identity_schema_version": 0,
          "identity": {
            "name": "foundry-700",
            "resource_group_name": "rg-foundry-700",
            "subscription_id": "dcef7009-6b94-4382-afdc-17eb160d709a"
          },
          "private": "eyJlMmJmYjczMC1lY2FhLTExZTYtOGY4OC0zNDM2M2JjN2M0YzAiOnsiY3JlYXRlIjoxODAwMDAwMDAwMDAwLCJkZWxldGUiOjE4MDAwMDAwMDAwMDAsInJlYWQiOjMwMDAwMDAwMDAwMCwidXBkYXRlIjoxODAwMDAwMDAwMDAwfX0=",
          "dependencies": [
            "azurerm_resource_group.rg"
          ]
        }
      ]
    },
    {
      "mode": "managed",
      "type": "azurerm_cognitive_account_project",
      "name": "project",
      "provider": "provider[\"registry.terraform.io/hashicorp/azurerm\"]",
      "instances": [
        {
          "schema_version": 0,
          "attributes": {
            "cognitive_account_id": "/subscriptions/dcef7009-6b94-4382-afdc-17eb160d709a/resourceGroups/rg-foundry-700/providers/Microsoft.CognitiveServices/accounts/foundry-700",
            "default": true,
            "description": "Example cognitive services project",
            "display_name": "Example Project",
            "endpoints": {
              "AI Foundry API": "https://foundry-700.services.ai.azure.com/api/projects/project-700"
            },
            "id": "/subscriptions/dcef7009-6b94-4382-afdc-17eb160d709a/resourceGroups/rg-foundry-700/providers/Microsoft.CognitiveServices/accounts/foundry-700/projects/project-700",
            "identity": [
              {
                "identity_ids": [],
                "principal_id": "b9f9ccca-9b8b-46c7-bf24-01f134895946",
                "tenant_id": "93139d1e-a3c1-4d78-9ed5-878be090eba4",
                "type": "SystemAssigned"
              }
            ],
            "location": "swedencentral",
            "name": "project-700",
            "tags": {},
            "timeouts": null
          },
          "sensitive_attributes": [],
          "identity_schema_version": 0,
          "private": "eyJlMmJmYjczMC1lY2FhLTExZTYtOGY4OC0zNDM2M2JjN2M0YzAiOnsiY3JlYXRlIjoxODAwMDAwMDAwMDAwLCJkZWxldGUiOjE4MDAwMDAwMDAwMDAsInJlYWQiOjMwMDAwMDAwMDAwMCwidXBkYXRlIjoxODAwMDAwMDAwMDAwfX0=",
          "dependencies": [
            "azurerm_cognitive_account.foundry",
            "azurerm_resource_group.rg"
          ]
        }
      ]
    },
    {
      "mode": "managed",
      "type": "azurerm_cognitive_deployment",
      "name": "gpt_4o_mini",
      "provider": "provider[\"registry.terraform.io/hashicorp/azurerm\"]",
      "instances": [
        {
          "schema_version": 0,
          "attributes": {
            "cognitive_account_id": "/subscriptions/dcef7009-6b94-4382-afdc-17eb160d709a/resourceGroups/rg-foundry-700/providers/Microsoft.CognitiveServices/accounts/foundry-700",
            "dynamic_throttling_enabled": false,
            "id": "/subscriptions/dcef7009-6b94-4382-afdc-17eb160d709a/resourceGroups/rg-foundry-700/providers/Microsoft.CognitiveServices/accounts/foundry-700/deployments/gpt-4o-mini",
            "model": [
              {
                "format": "OpenAI",
                "name": "gpt-4o-mini",
                "version": "2024-07-18"
              }
            ],
            "name": "gpt-4o-mini",
            "rai_policy_name": "",
            "sku": [
              {
                "capacity": 20,
                "family": "",
                "name": "GlobalStandard",
                "size": "",
                "tier": ""
              }
            ],
            "timeouts": null,
            "version_upgrade_option": "OnceNewDefaultVersionAvailable"
          },
          "sensitive_attributes": [],
          "identity_schema_version": 0,
          "private": "eyJlMmJmYjczMC1lY2FhLTExZTYtOGY4OC0zNDM2M2JjN2M0YzAiOnsiY3JlYXRlIjoxODAwMDAwMDAwMDAwLCJkZWxldGUiOjE4MDAwMDAwMDAwMDAsInJlYWQiOjMwMDAwMDAwMDAwMCwidXBkYXRlIjoxODAwMDAwMDAwMDAwfX0=",
          "dependencies": [
            "azurerm_cognitive_account.foundry",
            "azurerm_resource_group.rg"
          ]
        }
      ]
    },
    {
      "mode": "managed",
      "type": "azurerm_cognitive_deployment",
      "name": "mistral_document_ai",
      "provider": "provider[\"registry.terraform.io/hashicorp/azurerm\"]",
      "instances": [
        {
          "schema_version": 0,
          "attributes": {
            "cognitive_account_id": "/subscriptions/dcef7009-6b94-4382-afdc-17eb160d709a/resourceGroups/rg-foundry-700/providers/Microsoft.CognitiveServices/accounts/foundry-700",
            "dynamic_throttling_enabled": false,
            "id": "/subscriptions/dcef7009-6b94-4382-afdc-17eb160d709a/resourceGroups/rg-foundry-700/providers/Microsoft.CognitiveServices/accounts/foundry-700/deployments/mistral-document-ai-2505",
            "model": [
              {
                "format": "Mistral AI",
                "name": "mistral-document-ai-2505",
                "version": "1"
              }
            ],
            "name": "mistral-document-ai-2505",
            "rai_policy_name": "",
            "sku": [
              {
                "capacity": 60,
                "family": "",
                "name": "DataZoneStandard",
                "size": "",
                "tier": ""
              }
            ],
            "timeouts": null,
            "version_upgrade_option": "OnceNewDefaultVersionAvailable"
          },
          "sensitive_attributes": [],
          "identity_schema_version": 0,
          "private": "eyJlMmJmYjczMC1lY2FhLTExZTYtOGY4OC0zNDM2M2JjN2M0YzAiOnsiY3JlYXRlIjoxODAwMDAwMDAwMDAwLCJkZWxldGUiOjE4MDAwMDAwMDAwMDAsInJlYWQiOjMwMDAwMDAwMDAwMCwidXBkYXRlIjoxODAwMDAwMDAwMDAwfX0=",
          "dependencies": [
            "azurerm_cognitive_account.foundry",
            "azurerm_resource_group.rg"
          ]
        }
      ]
    },
    {
      "mode": "managed",
      "type": "azurerm_cognitive_deployment",
      "name": "mistral_large",
      "provider": "provider[\"registry.terraform.io/hashicorp/azurerm\"]",
      "instances": [
        {
          "schema_version": 0,
          "attributes": {
            "cognitive_account_id": "/subscriptions/dcef7009-6b94-4382-afdc-17eb160d709a/resourceGroups/rg-foundry-700/providers/Microsoft.CognitiveServices/accounts/foundry-700",
            "dynamic_throttling_enabled": false,
            "id": "/subscriptions/dcef7009-6b94-4382-afdc-17eb160d709a/resourceGroups/rg-foundry-700/providers/Microsoft.CognitiveServices/accounts/foundry-700/deployments/mistral-large",
            "model": [
              {
                "format": "Mistral AI",
                "name": "Mistral-Large-3",
                "version": "1"
              }
            ],
            "name": "mistral-large",
            "rai_policy_name": "",
            "sku": [
              {
                "capacity": 250,
                "family": "",
                "name": "GlobalStandard",
                "size": "",
                "tier": ""
              }
            ],
            "timeouts": null,
            "version_upgrade_option": "OnceNewDefaultVersionAvailable"
          },
          "sensitive_attributes": [],
          "identity_schema_version": 0,
          "private": "eyJlMmJmYjczMC1lY2FhLTExZTYtOGY4OC0zNDM2M2JjN2M0YzAiOnsiY3JlYXRlIjoxODAwMDAwMDAwMDAwLCJkZWxldGUiOjE4MDAwMDAwMDAwMDAsInJlYWQiOjMwMDAwMDAwMDAwMCwidXBkYXRlIjoxODAwMDAwMDAwMDAwfX0=",
          "dependencies": [
            "azurerm_cognitive_account.foundry",
            "azurerm_resource_group.rg"
          ]
        }
      ]
    },
    {
      "mode": "managed",
      "type": "azurerm_container_app",
      "name": "aca_agent",
      "provider": "provider[\"registry.terraform.io/hashicorp/azurerm\"]",
      "instances": [
        {
          "schema_version": 0,
          "attributes": {
            "container_app_environment_id": "/subscriptions/dcef7009-6b94-4382-afdc-17eb160d709a/resourceGroups/rg-foundry-700/providers/Microsoft.App/managedEnvironments/aca-environment-ai",
            "custom_domain_verification_id": "12A824F56ADC4DBFA2BAB33D11CF904692CB9810204E47093CF78548458D595C",
            "dapr": [],
            "id": "/subscriptions/dcef7009-6b94-4382-afdc-17eb160d709a/resourceGroups/rg-foundry-700/providers/Microsoft.App/containerApps/aca-agent",
            "identity": [
              {
                "identity_ids": [
                  "/subscriptions/dcef7009-6b94-4382-afdc-17eb160d709a/resourceGroups/rg-foundry-700/providers/Microsoft.ManagedIdentity/userAssignedIdentities/identity-aca"
                ],
                "principal_id": "",
                "tenant_id": "",
                "type": "UserAssigned"
              }
            ],
            "ingress": [
              {
                "allow_insecure_connections": false,
                "client_certificate_mode": "",
                "cors": [],
                "custom_domain": [],
                "exposed_port": 0,
                "external_enabled": true,
                "fqdn": "aca-agent.prouddesert-a466f747.swedencentral.azurecontainerapps.io",
                "ip_security_restriction": [],
                "target_port": 8088,
                "traffic_weight": [
                  {
                    "label": "",
                    "latest_revision": true,
                    "percentage": 100,
                    "revision_suffix": ""
                  }
                ],
                "transport": "auto"
              }
            ],
            "latest_revision_fqdn": "aca-agent--0000001.prouddesert-a466f747.swedencentral.azurecontainerapps.io",
            "latest_revision_name": "aca-agent--0000001",
            "location": "swedencentral",
            "max_inactive_revisions": 0,
            "name": "aca-agent",
            "outbound_ip_addresses": [
              "20.240.28.167",
              "20.240.28.184",
              "9.223.20.105",
              "135.116.6.186",
              "9.223.21.30",
              "9.223.218.210",
              "135.116.14.134",
              "9.223.143.243",
              "9.223.9.149",
              "74.241.137.85",
              "74.241.139.161",
              "74.241.138.64",
              "20.240.28.187",
              "74.241.136.237",
              "9.223.21.119",
              "9.223.10.153",
              "9.223.225.145",
              "9.223.220.233",
              "74.241.136.44",
              "9.223.87.134",
              "74.241.139.29",
              "9.223.20.250",
              "9.223.20.145",
              "20.240.29.51",
              "74.241.193.90",
              "74.241.192.157",
              "74.241.192.45",
              "74.241.193.154",
              "74.241.192.111",
              "74.241.193.34",
              "20.240.38.142",
              "20.240.38.235",
              "9.223.237.26",
              "9.223.246.165",
              "74.241.209.91",
              "74.241.211.241",
              "9.223.245.238",
              "135.116.14.86",
              "9.223.173.128",
              "9.223.237.22",
              "4.225.86.27",
              "9.223.75.69",
              "20.240.37.255",
              "9.223.245.208",
              "9.223.237.31",
              "9.223.45.114",
              "9.223.24.231",
              "74.241.210.170",
              "9.223.246.185",
              "9.223.16.144",
              "135.116.37.178",
              "9.223.247.36",
              "9.223.18.163",
              "20.240.37.231",
              "74.241.204.139",
              "74.241.204.246",
              "74.241.202.17",
              "74.241.200.59",
              "74.241.205.78",
              "74.241.203.192",
              "4.165.198.115"
            ],
            "registry": [
              {
                "identity": "/subscriptions/dcef7009-6b94-4382-afdc-17eb160d709a/resourceGroups/rg-foundry-700/providers/Microsoft.ManagedIdentity/userAssignedIdentities/identity-aca",
                "password_secret_name": "",
                "server": "acr4hostedagent700.azurecr.io",
                "username": ""
              }
            ],
            "resource_group_name": "rg-foundry-700",
            "revision_mode": "Single",
            "secret": [],
            "tags": {},
            "template": [
              {
                "azure_queue_scale_rule": [],
                "container": [
                  {
                    "args": [],
                    "command": [],
                    "cpu": 0.25,
                    "env": [
                      {
                        "name": "AZURE_AI_PROJECT_ENDPOINT",
                        "secret_name": "",
                        "value": "https://foundry-700.services.ai.azure.com/api/projects/project-700"
                      },
                      {
                        "name": "AZURE_AI_MODEL_DEPLOYMENT_NAME",
                        "secret_name": "",
                        "value": "gpt-4o-mini"
                      },
                      {
                        "name": "BING_CUSTOM_CONNECTION_NAME",
                        "secret_name": "",
                        "value": "connection-bing-custom-search"
                      },
                      {
                        "name": "BING_CONFIGURATION_NAME",
                        "secret_name": "",
                        "value": "configuration-bing-search-custom"
                      },
                      {
                        "name": "BING_CUSTOM_INSTANCE_NAME",
                        "secret_name": "",
                        "value": "configuration-bing-search-custom"
                      },
                      {
                        "name": "BING_CUSTOM_SEARCH_INSTANCE_NAME",
                        "secret_name": "",
                        "value": "bing-search-custom"
                      },
                      {
                        "name": "BING_CUSTOM_SEARCH_PROJECT_CONNECTION_NAME",
                        "secret_name": "",
                        "value": "connection-bing-custom-search"
                      },
                      {
                        "name": "BING_CUSTOM_CONNECTION_ID",
                        "secret_name": "",
                        "value": "/subscriptions/dcef7009-6b94-4382-afdc-17eb160d709a/resourceGroups/rg-foundry-700/providers/Microsoft.CognitiveServices/accounts/foundry-700/projects/project-700/connections/connection-bing-custom-search"
                      },
                      {
                        "name": "BING_CUSTOM_SEARCH_PROJECT_CONNECTION_ID",
                        "secret_name": "",
                        "value": "/subscriptions/dcef7009-6b94-4382-afdc-17eb160d709a/resourceGroups/rg-foundry-700/providers/Microsoft.CognitiveServices/accounts/foundry-700/projects/project-700/connections/connection-bing-custom-search"
                      },
                      {
                        "name": "AZURE_CLIENT_ID",
                        "secret_name": "",
                        "value": "b147bd53-6c77-46d8-937b-38bd7f5c8158"
                      }
                    ],
                    "ephemeral_storage": "1Gi",
                    "image": "acr4hostedagent700.azurecr.io/agent-web-search:v1.4.0-bingcustomsearch",
                    "liveness_probe": [],
                    "memory": "0.5Gi",
                    "name": "aca-agent",
                    "readiness_probe": [],
                    "startup_probe": [],
                    "volume_mounts": []
                  }
                ],
                "cooldown_period_in_seconds": 300,
                "custom_scale_rule": [],
                "http_scale_rule": [],
                "init_container": [],
                "max_replicas": 3,
                "min_replicas": 1,
                "polling_interval_in_seconds": 30,
                "revision_suffix": "",
                "tcp_scale_rule": [],
                "termination_grace_period_seconds": 0,
                "volume": []
              }
            ],
            "timeouts": null,
            "workload_profile_name": "Consumption"
          },
          "sensitive_attributes": [
            [
              {
                "type": "get_attr",
                "value": "custom_domain_verification_id"
              }
            ]
          ],
          "identity_schema_version": 0,
          "private": "eyJlMmJmYjczMC1lY2FhLTExZTYtOGY4OC0zNDM2M2JjN2M0YzAiOnsiY3JlYXRlIjoxODAwMDAwMDAwMDAwLCJkZWxldGUiOjE4MDAwMDAwMDAwMDAsInJlYWQiOjMwMDAwMDAwMDAwMCwidXBkYXRlIjoxODAwMDAwMDAwMDAwfX0=",
          "dependencies": [
            "azapi_resource.bing_search_custom",
            "azapi_resource.configuration_bing_search_custom",
            "azapi_resource.connection_bing_search_custom",
            "azurerm_cognitive_account.foundry",
            "azurerm_cognitive_account_project.project",
            "azurerm_cognitive_deployment.gpt_4o_mini",
            "azurerm_container_app_environment.env",
            "azurerm_container_registry.acr",
            "azurerm_resource_group.rg",
            "azurerm_role_assignment.role_acrpull_aca",
            "azurerm_user_assigned_identity.identity_aca",
            "data.azapi_resource_action.keys_bing_search_custom"
          ]
        }
      ]
    },
    {
      "mode": "managed",
      "type": "azurerm_container_app",
      "name": "aca_agent_monitoring",
      "provider": "provider[\"registry.terraform.io/hashicorp/azurerm\"]",
      "instances": [
        {
          "schema_version": 0,
          "attributes": {
            "container_app_environment_id": "/subscriptions/dcef7009-6b94-4382-afdc-17eb160d709a/resourceGroups/rg-foundry-700/providers/Microsoft.App/managedEnvironments/aca-environment-ai",
            "custom_domain_verification_id": "12A824F56ADC4DBFA2BAB33D11CF904692CB9810204E47093CF78548458D595C",
            "dapr": [],
            "id": "/subscriptions/dcef7009-6b94-4382-afdc-17eb160d709a/resourceGroups/rg-foundry-700/providers/Microsoft.App/containerApps/aca-agent-monitoring",
            "identity": [
              {
                "identity_ids": [
                  "/subscriptions/dcef7009-6b94-4382-afdc-17eb160d709a/resourceGroups/rg-foundry-700/providers/Microsoft.ManagedIdentity/userAssignedIdentities/identity-aca"
                ],
                "principal_id": "",
                "tenant_id": "",
                "type": "UserAssigned"
              }
            ],
            "ingress": [
              {
                "allow_insecure_connections": false,
                "client_certificate_mode": "",
                "cors": [],
                "custom_domain": [],
                "exposed_port": 0,
                "external_enabled": true,
                "fqdn": "aca-agent-monitoring.prouddesert-a466f747.swedencentral.azurecontainerapps.io",
                "ip_security_restriction": [],
                "target_port": 8088,
                "traffic_weight": [
                  {
                    "label": "",
                    "latest_revision": true,
                    "percentage": 100,
                    "revision_suffix": ""
                  }
                ],
                "transport": "auto"
              }
            ],
            "latest_revision_fqdn": "aca-agent-monitoring--0000001.prouddesert-a466f747.swedencentral.azurecontainerapps.io",
            "latest_revision_name": "aca-agent-monitoring--0000001",
            "location": "swedencentral",
            "max_inactive_revisions": 0,
            "name": "aca-agent-monitoring",
            "outbound_ip_addresses": [
              "20.240.28.167",
              "20.240.28.184",
              "9.223.20.105",
              "135.116.6.186",
              "9.223.21.30",
              "9.223.218.210",
              "135.116.14.134",
              "9.223.143.243",
              "9.223.9.149",
              "74.241.137.85",
              "74.241.139.161",
              "74.241.138.64",
              "20.240.28.187",
              "74.241.136.237",
              "9.223.21.119",
              "9.223.10.153",
              "9.223.225.145",
              "9.223.220.233",
              "74.241.136.44",
              "9.223.87.134",
              "74.241.139.29",
              "9.223.20.250",
              "9.223.20.145",
              "20.240.29.51",
              "74.241.193.90",
              "74.241.192.157",
              "74.241.192.45",
              "74.241.193.154",
              "74.241.192.111",
              "74.241.193.34",
              "20.240.38.142",
              "20.240.38.235",
              "9.223.237.26",
              "9.223.246.165",
              "74.241.209.91",
              "74.241.211.241",
              "9.223.245.238",
              "135.116.14.86",
              "9.223.173.128",
              "9.223.237.22",
              "4.225.86.27",
              "9.223.75.69",
              "20.240.37.255",
              "9.223.245.208",
              "9.223.237.31",
              "9.223.45.114",
              "9.223.24.231",
              "74.241.210.170",
              "9.223.246.185",
              "9.223.16.144",
              "135.116.37.178",
              "9.223.247.36",
              "9.223.18.163",
              "20.240.37.231",
              "74.241.204.139",
              "74.241.204.246",
              "74.241.202.17",
              "74.241.200.59",
              "74.241.205.78",
              "74.241.203.192",
              "4.165.198.115"
            ],
            "registry": [
              {
                "identity": "/subscriptions/dcef7009-6b94-4382-afdc-17eb160d709a/resourceGroups/rg-foundry-700/providers/Microsoft.ManagedIdentity/userAssignedIdentities/identity-aca",
                "password_secret_name": "",
                "server": "acr4hostedagent700.azurecr.io",
                "username": ""
              }
            ],
            "resource_group_name": "rg-foundry-700",
            "revision_mode": "Single",
            "secret": [],
            "tags": {},
            "template": [
              {
                "azure_queue_scale_rule": [],
                "container": [
                  {
                    "args": [],
                    "command": [],
                    "cpu": 0.25,
                    "env": [
                      {
                        "name": "APP_INSIGHTS_CONNECTION_STRING",
                        "secret_name": "",
                        "value": "InstrumentationKey=20b890dd-5a91-4aad-9eba-ee9a7afbf050;IngestionEndpoint=https://swedencentral-0.in.applicationinsights.azure.com/;LiveEndpoint=https://swedencentral.livediagnostics.monitor.azure.com/;ApplicationId=35517b74-a5df-4b56-a0af-649b7a5d9c75"
                      },
                      {
                        "name": "ENABLE_INSTRUMENTATION",
                        "secret_name": "",
                        "value": "true"
                      },
                      {
                        "name": "ENABLE_CONSOLE_EXPORTERS",
                        "secret_name": "",
                        "value": "true"
                      },
                      {
                        "name": "AZURE_AI_PROJECT_ENDPOINT",
                        "secret_name": "",
                        "value": "https://foundry-700.services.ai.azure.com/api/projects/project-700"
                      },
                      {
                        "name": "AZURE_AI_MODEL_DEPLOYMENT_NAME",
                        "secret_name": "",
                        "value": "gpt-4o-mini"
                      },
                      {
                        "name": "BING_CUSTOM_CONNECTION_NAME",
                        "secret_name": "",
                        "value": "connection-bing-custom-search"
                      },
                      {
                        "name": "BING_CUSTOM_INSTANCE_NAME",
                        "secret_name": "",
                        "value": "configuration-bing-search-custom"
                      },
                      {
                        "name": "BING_CUSTOM_SEARCH_INSTANCE_NAME",
                        "secret_name": "",
                        "value": "bing-search-custom"
                      },
                      {
                        "name": "BING_CUSTOM_SEARCH_PROJECT_CONNECTION_NAME",
                        "secret_name": "",
                        "value": "connection-bing-custom-search"
                      },
                      {
                        "name": "BING_CUSTOM_CONNECTION_ID",
                        "secret_name": "",
                        "value": "/subscriptions/dcef7009-6b94-4382-afdc-17eb160d709a/resourceGroups/rg-foundry-700/providers/Microsoft.CognitiveServices/accounts/foundry-700/projects/project-700/connections/connection-bing-custom-search"
                      },
                      {
                        "name": "BING_CUSTOM_SEARCH_PROJECT_CONNECTION_ID",
                        "secret_name": "",
                        "value": "/subscriptions/dcef7009-6b94-4382-afdc-17eb160d709a/resourceGroups/rg-foundry-700/providers/Microsoft.CognitiveServices/accounts/foundry-700/projects/project-700/connections/connection-bing-custom-search"
                      },
                      {
                        "name": "AZURE_CLIENT_ID",
                        "secret_name": "",
                        "value": "b147bd53-6c77-46d8-937b-38bd7f5c8158"
                      }
                    ],
                    "ephemeral_storage": "1Gi",
                    "image": "acr4hostedagent700.azurecr.io/agent-web-search:v1.4.0-bingcustomsearch",
                    "liveness_probe": [],
                    "memory": "0.5Gi",
                    "name": "aca-agent",
                    "readiness_probe": [],
                    "startup_probe": [],
                    "volume_mounts": []
                  }
                ],
                "cooldown_period_in_seconds": 300,
                "custom_scale_rule": [],
                "http_scale_rule": [],
                "init_container": [],
                "max_replicas": 3,
                "min_replicas": 1,
                "polling_interval_in_seconds": 30,
                "revision_suffix": "",
                "tcp_scale_rule": [],
                "termination_grace_period_seconds": 0,
                "volume": []
              }
            ],
            "timeouts": null,
            "workload_profile_name": "Consumption"
          },
          "sensitive_attributes": [
            [
              {
                "type": "get_attr",
                "value": "custom_domain_verification_id"
              }
            ],
            [
              {
                "type": "get_attr",
                "value": "template"
              },
              {
                "type": "index",
                "value": {
                  "value": 0,
                  "type": "number"
                }
              },
              {
                "type": "get_attr",
                "value": "container"
              },
              {
                "type": "index",
                "value": {
                  "value": 0,
                  "type": "number"
                }
              },
              {
                "type": "get_attr",
                "value": "env"
              },
              {
                "type": "index",
                "value": {
                  "value": 0,
                  "type": "number"
                }
              },
              {
                "type": "get_attr",
                "value": "value"
              }
            ]
          ],
          "identity_schema_version": 0,
          "private": "eyJlMmJmYjczMC1lY2FhLTExZTYtOGY4OC0zNDM2M2JjN2M0YzAiOnsiY3JlYXRlIjoxODAwMDAwMDAwMDAwLCJkZWxldGUiOjE4MDAwMDAwMDAwMDAsInJlYWQiOjMwMDAwMDAwMDAwMCwidXBkYXRlIjoxODAwMDAwMDAwMDAwfX0=",
          "dependencies": [
            "azapi_resource.bing_search_custom",
            "azapi_resource.configuration_bing_search_custom",
            "azapi_resource.connection_bing_search_custom",
            "azurerm_application_insights.app_insights",
            "azurerm_cognitive_account.foundry",
            "azurerm_cognitive_account_project.project",
            "azurerm_cognitive_deployment.gpt_4o_mini",
            "azurerm_container_app_environment.env",
            "azurerm_container_registry.acr",
            "azurerm_log_analytics_workspace.workspace",
            "azurerm_resource_group.rg",
            "azurerm_role_assignment.role_acrpull_aca",
            "azurerm_user_assigned_identity.identity_aca",
            "data.azapi_resource_action.keys_bing_search_custom"
          ]
        }
      ]
    },
    {
      "mode": "managed",
      "type": "azurerm_container_app",
      "name": "aca_inspector_gadget",
      "provider": "provider[\"registry.terraform.io/hashicorp/azurerm\"]",
      "instances": [
        {
          "schema_version": 0,
          "attributes": {
            "container_app_environment_id": "/subscriptions/dcef7009-6b94-4382-afdc-17eb160d709a/resourceGroups/rg-foundry-700/providers/Microsoft.App/managedEnvironments/aca-environment-ai",
            "custom_domain_verification_id": "12A824F56ADC4DBFA2BAB33D11CF904692CB9810204E47093CF78548458D595C",
            "dapr": [],
            "id": "/subscriptions/dcef7009-6b94-4382-afdc-17eb160d709a/resourceGroups/rg-foundry-700/providers/Microsoft.App/containerApps/inspector-gadget",
            "identity": [],
            "ingress": [
              {
                "allow_insecure_connections": false,
                "client_certificate_mode": "",
                "cors": [],
                "custom_domain": [],
                "exposed_port": 0,
                "external_enabled": true,
                "fqdn": "inspector-gadget.prouddesert-a466f747.swedencentral.azurecontainerapps.io",
                "ip_security_restriction": [],
                "target_port": 80,
                "traffic_weight": [
                  {
                    "label": "",
                    "latest_revision": true,
                    "percentage": 100,
                    "revision_suffix": ""
                  }
                ],
                "transport": "auto"
              }
            ],
            "latest_revision_fqdn": "inspector-gadget--mhxdur8.prouddesert-a466f747.swedencentral.azurecontainerapps.io",
            "latest_revision_name": "inspector-gadget--mhxdur8",
            "location": "swedencentral",
            "max_inactive_revisions": 0,
            "name": "inspector-gadget",
            "outbound_ip_addresses": [
              "20.240.28.167",
              "20.240.28.184",
              "9.223.20.105",
              "135.116.6.186",
              "9.223.21.30",
              "9.223.218.210",
              "135.116.14.134",
              "9.223.143.243",
              "9.223.9.149",
              "74.241.137.85",
              "74.241.139.161",
              "74.241.138.64",
              "20.240.28.187",
              "74.241.136.237",
              "9.223.21.119",
              "9.223.10.153",
              "9.223.225.145",
              "9.223.220.233",
              "74.241.136.44",
              "9.223.87.134",
              "74.241.139.29",
              "9.223.20.250",
              "9.223.20.145",
              "20.240.29.51",
              "74.241.193.90",
              "74.241.192.157",
              "74.241.192.45",
              "74.241.193.154",
              "74.241.192.111",
              "74.241.193.34",
              "20.240.38.142",
              "20.240.38.235",
              "9.223.237.26",
              "9.223.246.165",
              "74.241.209.91",
              "74.241.211.241",
              "9.223.245.238",
              "135.116.14.86",
              "9.223.173.128",
              "9.223.237.22",
              "4.225.86.27",
              "9.223.75.69",
              "20.240.37.255",
              "9.223.245.208",
              "9.223.237.31",
              "9.223.45.114",
              "9.223.24.231",
              "74.241.210.170",
              "9.223.246.185",
              "9.223.16.144",
              "135.116.37.178",
              "9.223.247.36",
              "9.223.18.163",
              "20.240.37.231",
              "74.241.204.139",
              "74.241.204.246",
              "74.241.202.17",
              "74.241.200.59",
              "74.241.205.78",
              "74.241.203.192",
              "4.165.198.115"
            ],
            "registry": [],
            "resource_group_name": "rg-foundry-700",
            "revision_mode": "Single",
            "secret": [],
            "tags": {},
            "template": [
              {
                "azure_queue_scale_rule": [],
                "container": [
                  {
                    "args": [],
                    "command": [],
                    "cpu": 0.25,
                    "env": [],
                    "ephemeral_storage": "1Gi",
                    "image": "jelledruyts/inspectorgadget",
                    "liveness_probe": [],
                    "memory": "0.5Gi",
                    "name": "inspector-gadget",
                    "readiness_probe": [],
                    "startup_probe": [],
                    "volume_mounts": []
                  }
                ],
                "cooldown_period_in_seconds": 300,
                "custom_scale_rule": [],
                "http_scale_rule": [],
                "init_container": [],
                "max_replicas": 3,
                "min_replicas": 1,
                "polling_interval_in_seconds": 30,
                "revision_suffix": "",
                "tcp_scale_rule": [],
                "termination_grace_period_seconds": 0,
                "volume": []
              }
            ],
            "timeouts": null,
            "workload_profile_name": "Consumption"
          },
          "sensitive_attributes": [
            [
              {
                "type": "get_attr",
                "value": "custom_domain_verification_id"
              }
            ]
          ],
          "identity_schema_version": 0,
          "private": "eyJlMmJmYjczMC1lY2FhLTExZTYtOGY4OC0zNDM2M2JjN2M0YzAiOnsiY3JlYXRlIjoxODAwMDAwMDAwMDAwLCJkZWxldGUiOjE4MDAwMDAwMDAwMDAsInJlYWQiOjMwMDAwMDAwMDAwMCwidXBkYXRlIjoxODAwMDAwMDAwMDAwfX0=",
          "dependencies": [
            "azurerm_container_app_environment.env",
            "azurerm_resource_group.rg"
          ]
        }
      ]
    },
    {
      "mode": "managed",
      "type": "azurerm_container_app_environment",
      "name": "env",
      "provider": "provider[\"registry.terraform.io/hashicorp/azurerm\"]",
      "instances": [
        {
          "schema_version": 0,
          "attributes": {
            "custom_domain_verification_id": "12A824F56ADC4DBFA2BAB33D11CF904692CB9810204E47093CF78548458D595C",
            "dapr_application_insights_connection_string": "",
            "default_domain": "prouddesert-a466f747.swedencentral.azurecontainerapps.io",
            "docker_bridge_cidr": "",
            "id": "/subscriptions/dcef7009-6b94-4382-afdc-17eb160d709a/resourceGroups/rg-foundry-700/providers/Microsoft.App/managedEnvironments/aca-environment-ai",
            "identity": [],
            "infrastructure_resource_group_name": "",
            "infrastructure_subnet_id": "",
            "internal_load_balancer_enabled": false,
            "location": "swedencentral",
            "log_analytics_workspace_id": "",
            "logs_destination": "",
            "mutual_tls_enabled": false,
            "name": "aca-environment-ai",
            "platform_reserved_cidr": "",
            "platform_reserved_dns_ip_address": "",
            "public_network_access": "Enabled",
            "resource_group_name": "rg-foundry-700",
            "static_ip_address": "135.225.247.28",
            "tags": {},
            "timeouts": null,
            "workload_profile": [
              {
                "maximum_count": 0,
                "minimum_count": 0,
                "name": "Consumption",
                "workload_profile_type": "Consumption"
              },
              {
                "maximum_count": 1,
                "minimum_count": 0,
                "name": "profile-D4",
                "workload_profile_type": "D4"
              }
            ],
            "zone_redundancy_enabled": false
          },
          "sensitive_attributes": [
            [
              {
                "type": "get_attr",
                "value": "dapr_application_insights_connection_string"
              }
            ]
          ],
          "identity_schema_version": 0,
          "private": "eyJlMmJmYjczMC1lY2FhLTExZTYtOGY4OC0zNDM2M2JjN2M0YzAiOnsiY3JlYXRlIjoxODAwMDAwMDAwMDAwLCJkZWxldGUiOjE4MDAwMDAwMDAwMDAsInJlYWQiOjMwMDAwMDAwMDAwMCwidXBkYXRlIjoxODAwMDAwMDAwMDAwfX0=",
          "dependencies": [
            "azurerm_resource_group.rg"
          ]
        }
      ]
    },
    {
      "mode": "managed",
      "type": "azurerm_container_registry",
      "name": "acr",
      "provider": "provider[\"registry.terraform.io/hashicorp/azurerm\"]",
      "instances": [
        {
          "schema_version": 2,
          "attributes": {
            "admin_enabled": false,
            "admin_password": "",
            "admin_username": "",
            "anonymous_pull_enabled": false,
            "data_endpoint_enabled": false,
            "data_endpoint_host_names": [],
            "encryption": [],
            "export_policy_enabled": true,
            "georeplications": [],
            "id": "/subscriptions/dcef7009-6b94-4382-afdc-17eb160d709a/resourceGroups/rg-foundry-700/providers/Microsoft.ContainerRegistry/registries/acr4hostedagent700",
            "identity": [],
            "location": "swedencentral",
            "login_server": "acr4hostedagent700.azurecr.io",
            "name": "acr4hostedagent700",
            "network_rule_bypass_option": "AzureServices",
            "network_rule_set": [],
            "public_network_access_enabled": true,
            "quarantine_policy_enabled": false,
            "resource_group_name": "rg-foundry-700",
            "retention_policy_in_days": 0,
            "sku": "Standard",
            "tags": {},
            "timeouts": null,
            "trust_policy_enabled": false,
            "zone_redundancy_enabled": false
          },
          "sensitive_attributes": [
            [
              {
                "type": "get_attr",
                "value": "admin_password"
              }
            ]
          ],
          "identity_schema_version": 0,
          "private": "eyJlMmJmYjczMC1lY2FhLTExZTYtOGY4OC0zNDM2M2JjN2M0YzAiOnsiY3JlYXRlIjoxODAwMDAwMDAwMDAwLCJkZWxldGUiOjE4MDAwMDAwMDAwMDAsInJlYWQiOjMwMDAwMDAwMDAwMCwidXBkYXRlIjoxODAwMDAwMDAwMDAwfSwic2NoZW1hX3ZlcnNpb24iOiIyIn0=",
          "dependencies": [
            "azurerm_resource_group.rg"
          ]
        }
      ]
    },
    {
      "mode": "managed",
      "type": "azurerm_key_vault",
      "name": "keyvault",
      "provider": "provider[\"registry.terraform.io/hashicorp/azurerm\"]",
      "instances": [
        {
          "schema_version": 2,
          "attributes": {
            "access_policy": [],
            "contact": [],
            "enable_rbac_authorization": true,
            "enabled_for_deployment": false,
            "enabled_for_disk_encryption": true,
            "enabled_for_template_deployment": false,
            "id": "/subscriptions/dcef7009-6b94-4382-afdc-17eb160d709a/resourceGroups/rg-foundry-700/providers/Microsoft.KeyVault/vaults/keyvault4foundry700",
            "location": "swedencentral",
            "name": "keyvault4foundry700",
            "network_acls": [
              {
                "bypass": "AzureServices",
                "default_action": "Allow",
                "ip_rules": [],
                "virtual_network_subnet_ids": []
              }
            ],
            "public_network_access_enabled": true,
            "purge_protection_enabled": false,
            "rbac_authorization_enabled": true,
            "resource_group_name": "rg-foundry-700",
            "sku_name": "standard",
            "soft_delete_retention_days": 7,
            "tags": {},
            "tenant_id": "93139d1e-a3c1-4d78-9ed5-878be090eba4",
            "timeouts": null,
            "vault_uri": "https://keyvault4foundry700.vault.azure.net/"
          },
          "sensitive_attributes": [],
          "identity_schema_version": 0,
          "private": "eyJlMmJmYjczMC1lY2FhLTExZTYtOGY4OC0zNDM2M2JjN2M0YzAiOnsiY3JlYXRlIjoxODAwMDAwMDAwMDAwLCJkZWxldGUiOjE4MDAwMDAwMDAwMDAsInJlYWQiOjMwMDAwMDAwMDAwMCwidXBkYXRlIjoxODAwMDAwMDAwMDAwfSwic2NoZW1hX3ZlcnNpb24iOiIyIn0=",
          "dependencies": [
            "azurerm_resource_group.rg",
            "data.azurerm_client_config.current"
          ]
        }
      ]
    },
    {
      "mode": "managed",
      "type": "azurerm_key_vault_secret",
      "name": "secret",
      "provider": "provider[\"registry.terraform.io/hashicorp/azurerm\"]",
      "instances": [
        {
          "schema_version": 0,
          "attributes": {
            "content_type": "",
            "expiration_date": "",
            "id": "https://keyvault4foundry700.vault.azure.net/secrets/secret-pass-700/e3dd648094d848bbb05a363c7625c37b",
            "key_vault_id": "/subscriptions/dcef7009-6b94-4382-afdc-17eb160d709a/resourceGroups/rg-foundry-700/providers/Microsoft.KeyVault/vaults/keyvault4foundry700",
            "name": "secret-pass-700",
            "not_before_date": "",
            "resource_id": "/subscriptions/dcef7009-6b94-4382-afdc-17eb160d709a/resourceGroups/rg-foundry-700/providers/Microsoft.KeyVault/vaults/keyvault4foundry700/secrets/secret-pass-700/versions/e3dd648094d848bbb05a363c7625c37b",
            "resource_versionless_id": "/subscriptions/dcef7009-6b94-4382-afdc-17eb160d709a/resourceGroups/rg-foundry-700/providers/Microsoft.KeyVault/vaults/keyvault4foundry700/secrets/secret-pass-700",
            "tags": {},
            "timeouts": null,
            "value": "@Aa123456789",
            "value_wo": null,
            "value_wo_version": 0,
            "version": "e3dd648094d848bbb05a363c7625c37b",
            "versionless_id": "https://keyvault4foundry700.vault.azure.net/secrets/secret-pass-700"
          },
          "sensitive_attributes": [
            [
              {
                "type": "get_attr",
                "value": "value"
              }
            ]
          ],
          "identity_schema_version": 0,
          "private": "eyJlMmJmYjczMC1lY2FhLTExZTYtOGY4OC0zNDM2M2JjN2M0YzAiOnsiY3JlYXRlIjoxODAwMDAwMDAwMDAwLCJkZWxldGUiOjE4MDAwMDAwMDAwMDAsInJlYWQiOjE4MDAwMDAwMDAwMDAsInVwZGF0ZSI6MTgwMDAwMDAwMDAwMH19",
          "dependencies": [
            "azurerm_key_vault.keyvault",
            "azurerm_resource_group.rg",
            "azurerm_role_assignment.key-vault-secrets-administrator",
            "data.azurerm_client_config.current"
          ]
        }
      ]
    },
    {
      "mode": "managed",
      "type": "azurerm_log_analytics_workspace",
      "name": "workspace",
      "provider": "provider[\"registry.terraform.io/hashicorp/azurerm\"]",
      "instances": [
        {
          "schema_version": 3,
          "attributes": {
            "allow_resource_only_permissions": true,
            "cmk_for_query_forced": false,
            "daily_quota_gb": -1,
            "data_collection_rule_id": "",
            "id": "/subscriptions/dcef7009-6b94-4382-afdc-17eb160d709a/resourceGroups/rg-foundry-700/providers/Microsoft.OperationalInsights/workspaces/log-analytics-700",
            "identity": [],
            "immediate_data_purge_on_30_days_enabled": false,
            "internet_ingestion_enabled": true,
            "internet_query_enabled": true,
            "local_authentication_disabled": false,
            "local_authentication_enabled": true,
            "location": "swedencentral",
            "name": "log-analytics-700",
            "primary_shared_key": "oeASk5BjeLOuiyFD+4h6Ig8qyL0+O5vN18i9TWUuI4r6oBKUrD7wJLDtrji4BhfzmJ2MxpTPxRcjPnzQa/seMA==",
            "reservation_capacity_in_gb_per_day": null,
            "resource_group_name": "rg-foundry-700",
            "retention_in_days": 30,
            "secondary_shared_key": "6aBDXgYz1mwK0lOASHozcf2sMWWo+iHgAE480EA14b0LJVhMb99IyyArs+encxBvzHhbaxEtCuIleLp+jbdQaw==",
            "sku": "PerGB2018",
            "tags": {},
            "timeouts": null,
            "workspace_id": "ad63cd85-1dd3-4d42-925f-1815d7b8d517"
          },
          "sensitive_attributes": [
            [
              {
                "type": "get_attr",
                "value": "primary_shared_key"
              }
            ],
            [
              {
                "type": "get_attr",
                "value": "secondary_shared_key"
              }
            ]
          ],
          "identity_schema_version": 0,
          "private": "eyJlMmJmYjczMC1lY2FhLTExZTYtOGY4OC0zNDM2M2JjN2M0YzAiOnsiY3JlYXRlIjoxODAwMDAwMDAwMDAwLCJkZWxldGUiOjE4MDAwMDAwMDAwMDAsInJlYWQiOjMwMDAwMDAwMDAwMCwidXBkYXRlIjoxODAwMDAwMDAwMDAwfSwic2NoZW1hX3ZlcnNpb24iOiIzIn0=",
          "dependencies": [
            "azurerm_resource_group.rg"
          ]
        }
      ]
    },
    {
      "mode": "managed",
      "type": "azurerm_monitor_diagnostic_setting",
      "name": "diagnostics_bing_search_custom",
      "provider": "provider[\"registry.terraform.io/hashicorp/azurerm\"]",
      "instances": [
        {
          "schema_version": 0,
          "attributes": {
            "enabled_log": [],
            "enabled_metric": [
              {
                "category": "AllMetrics"
              }
            ],
            "eventhub_authorization_rule_id": "",
            "eventhub_name": "",
            "id": "/subscriptions/dcef7009-6b94-4382-afdc-17eb160d709a/resourceGroups/rg-foundry-700/providers/Microsoft.Bing/accounts/bing-search-custom|diagnostic-settings-bing-search-custom-700",
            "log_analytics_destination_type": "",
            "log_analytics_workspace_id": "/subscriptions/dcef7009-6b94-4382-afdc-17eb160d709a/resourceGroups/rg-foundry-700/providers/Microsoft.OperationalInsights/workspaces/log-analytics-700",
            "metric": [
              {
                "category": "AllMetrics",
                "enabled": true,
                "retention_policy": [
                  {
                    "days": 0,
                    "enabled": false
                  }
                ]
              }
            ],
            "name": "diagnostic-settings-bing-search-custom-700",
            "partner_solution_id": null,
            "storage_account_id": null,
            "target_resource_id": "/subscriptions/dcef7009-6b94-4382-afdc-17eb160d709a/resourceGroups/rg-foundry-700/providers/Microsoft.Bing/accounts/bing-search-custom",
            "timeouts": null
          },
          "sensitive_attributes": [],
          "identity_schema_version": 0,
          "private": "eyJlMmJmYjczMC1lY2FhLTExZTYtOGY4OC0zNDM2M2JjN2M0YzAiOnsiY3JlYXRlIjoxODAwMDAwMDAwMDAwLCJkZWxldGUiOjM2MDAwMDAwMDAwMDAsInJlYWQiOjMwMDAwMDAwMDAwMCwidXBkYXRlIjoxODAwMDAwMDAwMDAwfSwic2NoZW1hX3ZlcnNpb24iOiIwIn0=",
          "dependencies": [
            "azapi_resource.bing_search_custom",
            "azurerm_log_analytics_workspace.workspace",
            "azurerm_resource_group.rg",
            "data.azurerm_monitor_diagnostic_categories.categories-bing-search-custom"
          ]
        }
      ]
    },
    {
      "mode": "managed",
      "type": "azurerm_monitor_diagnostic_setting",
      "name": "diagnostics_foundry",
      "provider": "provider[\"registry.terraform.io/hashicorp/azurerm\"]",
      "instances": [
        {
          "schema_version": 0,
          "attributes": {
            "enabled_log": [
              {
                "category": "Audit",
                "category_group": "",
                "retention_policy": [
                  {
                    "days": 0,
                    "enabled": false
                  }
                ]
              },
              {
                "category": "AzureOpenAIRequestUsage",
                "category_group": "",
                "retention_policy": [
                  {
                    "days": 0,
                    "enabled": false
                  }
                ]
              },
              {
                "category": "RequestResponse",
                "category_group": "",
                "retention_policy": [
                  {
                    "days": 0,
                    "enabled": false
                  }
                ]
              },
              {
                "category": "Trace",
                "category_group": "",
                "retention_policy": [
                  {
                    "days": 0,
                    "enabled": false
                  }
                ]
              }
            ],
            "enabled_metric": [
              {
                "category": "AllMetrics"
              }
            ],
            "eventhub_authorization_rule_id": "",
            "eventhub_name": "",
            "id": "/subscriptions/dcef7009-6b94-4382-afdc-17eb160d709a/resourceGroups/rg-foundry-700/providers/Microsoft.CognitiveServices/accounts/foundry-700|diagnostic-settings-foundry-700",
            "log_analytics_destination_type": "",
            "log_analytics_workspace_id": "/subscriptions/dcef7009-6b94-4382-afdc-17eb160d709a/resourceGroups/rg-foundry-700/providers/Microsoft.OperationalInsights/workspaces/log-analytics-700",
            "metric": [
              {
                "category": "AllMetrics",
                "enabled": true,
                "retention_policy": [
                  {
                    "days": 0,
                    "enabled": false
                  }
                ]
              }
            ],
            "name": "diagnostic-settings-foundry-700",
            "partner_solution_id": null,
            "storage_account_id": null,
            "target_resource_id": "/subscriptions/dcef7009-6b94-4382-afdc-17eb160d709a/resourceGroups/rg-foundry-700/providers/Microsoft.CognitiveServices/accounts/foundry-700",
            "timeouts": null
          },
          "sensitive_attributes": [],
          "identity_schema_version": 0,
          "private": "eyJlMmJmYjczMC1lY2FhLTExZTYtOGY4OC0zNDM2M2JjN2M0YzAiOnsiY3JlYXRlIjoxODAwMDAwMDAwMDAwLCJkZWxldGUiOjM2MDAwMDAwMDAwMDAsInJlYWQiOjMwMDAwMDAwMDAwMCwidXBkYXRlIjoxODAwMDAwMDAwMDAwfSwic2NoZW1hX3ZlcnNpb24iOiIwIn0=",
          "dependencies": [
            "azurerm_cognitive_account.foundry",
            "azurerm_log_analytics_workspace.workspace",
            "azurerm_resource_group.rg",
            "data.azurerm_monitor_diagnostic_categories.categories-foundry"
          ]
        }
      ]
    },
    {
      "mode": "managed",
      "type": "azurerm_monitor_diagnostic_setting",
      "name": "diagnostics_foundry_project",
      "provider": "provider[\"registry.terraform.io/hashicorp/azurerm\"]",
      "instances": [
        {
          "schema_version": 0,
          "attributes": {
            "enabled_log": [
              {
                "category": "Audit",
                "category_group": "",
                "retention_policy": [
                  {
                    "days": 0,
                    "enabled": false
                  }
                ]
              },
              {
                "category": "Trace",
                "category_group": "",
                "retention_policy": [
                  {
                    "days": 0,
                    "enabled": false
                  }
                ]
              }
            ],
            "enabled_metric": [
              {
                "category": "AllMetrics"
              }
            ],
            "eventhub_authorization_rule_id": "",
            "eventhub_name": "",
            "id": "/subscriptions/dcef7009-6b94-4382-afdc-17eb160d709a/resourceGroups/rg-foundry-700/providers/Microsoft.CognitiveServices/accounts/foundry-700/projects/project-700|diagnostic-settings-foundry-project-700",
            "log_analytics_destination_type": "",
            "log_analytics_workspace_id": "/subscriptions/dcef7009-6b94-4382-afdc-17eb160d709a/resourceGroups/rg-foundry-700/providers/Microsoft.OperationalInsights/workspaces/log-analytics-700",
            "metric": [
              {
                "category": "AllMetrics",
                "enabled": true,
                "retention_policy": [
                  {
                    "days": 0,
                    "enabled": false
                  }
                ]
              }
            ],
            "name": "diagnostic-settings-foundry-project-700",
            "partner_solution_id": null,
            "storage_account_id": null,
            "target_resource_id": "/subscriptions/dcef7009-6b94-4382-afdc-17eb160d709a/resourceGroups/rg-foundry-700/providers/Microsoft.CognitiveServices/accounts/foundry-700/projects/project-700",
            "timeouts": null
          },
          "sensitive_attributes": [],
          "identity_schema_version": 0,
          "private": "eyJlMmJmYjczMC1lY2FhLTExZTYtOGY4OC0zNDM2M2JjN2M0YzAiOnsiY3JlYXRlIjoxODAwMDAwMDAwMDAwLCJkZWxldGUiOjM2MDAwMDAwMDAwMDAsInJlYWQiOjMwMDAwMDAwMDAwMCwidXBkYXRlIjoxODAwMDAwMDAwMDAwfSwic2NoZW1hX3ZlcnNpb24iOiIwIn0=",
          "dependencies": [
            "azurerm_cognitive_account.foundry",
            "azurerm_cognitive_account_project.project",
            "azurerm_log_analytics_workspace.workspace",
            "azurerm_resource_group.rg",
            "data.azurerm_monitor_diagnostic_categories.categories-foundry-project"
          ]
        }
      ]
    },
    {
      "mode": "managed",
      "type": "azurerm_monitor_diagnostic_setting",
      "name": "diagnostics_nsp",
      "provider": "provider[\"registry.terraform.io/hashicorp/azurerm\"]",
      "instances": [
        {
          "schema_version": 0,
          "attributes": {
            "enabled_log": [
              {
                "category": "NspCrossPerimeterInboundAllowed",
                "category_group": "",
                "retention_policy": [
                  {
                    "days": 0,
                    "enabled": false
                  }
                ]
              },
              {
                "category": "NspCrossPerimeterOutboundAllowed",
                "category_group": "",
                "retention_policy": [
                  {
                    "days": 0,
                    "enabled": false
                  }
                ]
              },
              {
                "category": "NspIntraPerimeterInboundAllowed",
                "category_group": "",
                "retention_policy": [
                  {
                    "days": 0,
                    "enabled": false
                  }
                ]
              },
              {
                "category": "NspOutboundAttempt",
                "category_group": "",
                "retention_policy": [
                  {
                    "days": 0,
                    "enabled": false
                  }
                ]
              },
              {
                "category": "NspPrivateInboundAllowed",
                "category_group": "",
                "retention_policy": [
                  {
                    "days": 0,
                    "enabled": false
                  }
                ]
              },
              {
                "category": "NspPublicInboundPerimeterRulesAllowed",
                "category_group": "",
                "retention_policy": [
                  {
                    "days": 0,
                    "enabled": false
                  }
                ]
              },
              {
                "category": "NspPublicInboundPerimeterRulesDenied",
                "category_group": "",
                "retention_policy": [
                  {
                    "days": 0,
                    "enabled": false
                  }
                ]
              },
              {
                "category": "NspPublicInboundResourceRulesAllowed",
                "category_group": "",
                "retention_policy": [
                  {
                    "days": 0,
                    "enabled": false
                  }
                ]
              },
              {
                "category": "NspPublicInboundResourceRulesDenied",
                "category_group": "",
                "retention_policy": [
                  {
                    "days": 0,
                    "enabled": false
                  }
                ]
              },
              {
                "category": "NspPublicOutboundPerimeterRulesAllowed",
                "category_group": "",
                "retention_policy": [
                  {
                    "days": 0,
                    "enabled": false
                  }
                ]
              },
              {
                "category": "NspPublicOutboundPerimeterRulesDenied",
                "category_group": "",
                "retention_policy": [
                  {
                    "days": 0,
                    "enabled": false
                  }
                ]
              },
              {
                "category": "NspPublicOutboundResourceRulesAllowed",
                "category_group": "",
                "retention_policy": [
                  {
                    "days": 0,
                    "enabled": false
                  }
                ]
              },
              {
                "category": "NspPublicOutboundResourceRulesDenied",
                "category_group": "",
                "retention_policy": [
                  {
                    "days": 0,
                    "enabled": false
                  }
                ]
              }
            ],
            "enabled_metric": [
              {
                "category": "AllMetrics"
              }
            ],
            "eventhub_authorization_rule_id": "",
            "eventhub_name": "",
            "id": "/subscriptions/dcef7009-6b94-4382-afdc-17eb160d709a/resourceGroups/rg-foundry-700/providers/Microsoft.Network/networkSecurityPerimeters/azure-nsp-700|diagnostic-settings-nsp700",
            "log_analytics_destination_type": "",
            "log_analytics_workspace_id": "/subscriptions/dcef7009-6b94-4382-afdc-17eb160d709a/resourceGroups/rg-foundry-700/providers/Microsoft.OperationalInsights/workspaces/log-analytics-700",
            "metric": [
              {
                "category": "AllMetrics",
                "enabled": true,
                "retention_policy": [
                  {
                    "days": 0,
                    "enabled": false
                  }
                ]
              }
            ],
            "name": "diagnostic-settings-nsp700",
            "partner_solution_id": null,
            "storage_account_id": null,
            "target_resource_id": "/subscriptions/dcef7009-6b94-4382-afdc-17eb160d709a/resourceGroups/rg-foundry-700/providers/Microsoft.Network/networkSecurityPerimeters/azure-nsp-700",
            "timeouts": null
          },
          "sensitive_attributes": [],
          "identity_schema_version": 0,
          "private": "eyJlMmJmYjczMC1lY2FhLTExZTYtOGY4OC0zNDM2M2JjN2M0YzAiOnsiY3JlYXRlIjoxODAwMDAwMDAwMDAwLCJkZWxldGUiOjM2MDAwMDAwMDAwMDAsInJlYWQiOjMwMDAwMDAwMDAwMCwidXBkYXRlIjoxODAwMDAwMDAwMDAwfSwic2NoZW1hX3ZlcnNpb24iOiIwIn0=",
          "dependencies": [
            "azurerm_log_analytics_workspace.workspace",
            "azurerm_network_security_perimeter.nsp",
            "azurerm_resource_group.rg",
            "data.azurerm_monitor_diagnostic_categories.categories-nsp"
          ]
        }
      ]
    },
    {
      "mode": "managed",
      "type": "azurerm_network_security_perimeter",
      "name": "nsp",
      "provider": "provider[\"registry.terraform.io/hashicorp/azurerm\"]",
      "instances": [
        {
          "schema_version": 0,
          "attributes": {
            "id": "/subscriptions/dcef7009-6b94-4382-afdc-17eb160d709a/resourceGroups/rg-foundry-700/providers/Microsoft.Network/networkSecurityPerimeters/azure-nsp-700",
            "location": "swedencentral",
            "name": "azure-nsp-700",
            "resource_group_name": "rg-foundry-700",
            "tags": {},
            "timeouts": null
          },
          "sensitive_attributes": [],
          "identity_schema_version": 0,
          "private": "eyJlMmJmYjczMC1lY2FhLTExZTYtOGY4OC0zNDM2M2JjN2M0YzAiOnsiY3JlYXRlIjoxODAwMDAwMDAwMDAwLCJkZWxldGUiOjE4MDAwMDAwMDAwMDAsInJlYWQiOjMwMDAwMDAwMDAwMCwidXBkYXRlIjoxODAwMDAwMDAwMDAwfX0=",
          "dependencies": [
            "azurerm_resource_group.rg"
          ]
        }
      ]
    },
    {
      "mode": "managed",
      "type": "azurerm_network_security_perimeter_access_rule",
      "name": "nsp_access_rule_inbound",
      "provider": "provider[\"registry.terraform.io/hashicorp/azurerm\"]",
      "instances": [
        {
          "schema_version": 0,
          "attributes": {
            "address_prefixes": [
              "0.0.0.0/0"
            ],
            "direction": "Inbound",
            "fqdns": [],
            "id": "/subscriptions/dcef7009-6b94-4382-afdc-17eb160d709a/resourceGroups/rg-foundry-700/providers/Microsoft.Network/networkSecurityPerimeters/azure-nsp-700/profiles/nsp-profile/accessRules/nsp-access-rule-inbound",
            "name": "nsp-access-rule-inbound",
            "network_security_perimeter_profile_id": "/subscriptions/dcef7009-6b94-4382-afdc-17eb160d709a/resourceGroups/rg-foundry-700/providers/Microsoft.Network/networkSecurityPerimeters/azure-nsp-700/profiles/nsp-profile",
            "service_tags": [],
            "subscription_ids": [],
            "timeouts": null
          },
          "sensitive_attributes": [],
          "identity_schema_version": 0,
          "private": "eyJlMmJmYjczMC1lY2FhLTExZTYtOGY4OC0zNDM2M2JjN2M0YzAiOnsiY3JlYXRlIjoxODAwMDAwMDAwMDAwLCJkZWxldGUiOjE4MDAwMDAwMDAwMDAsInJlYWQiOjMwMDAwMDAwMDAwMCwidXBkYXRlIjoxODAwMDAwMDAwMDAwfX0=",
          "dependencies": [
            "azurerm_network_security_perimeter.nsp",
            "azurerm_network_security_perimeter_profile.nsp_profile",
            "azurerm_resource_group.rg"
          ]
        }
      ]
    },
    {
      "mode": "managed",
      "type": "azurerm_network_security_perimeter_access_rule",
      "name": "nsp_access_rule_outbound",
      "provider": "provider[\"registry.terraform.io/hashicorp/azurerm\"]",
      "instances": [
        {
          "schema_version": 0,
          "attributes": {
            "address_prefixes": [],
            "direction": "Outbound",
            "fqdns": [
              "contoso.com"
            ],
            "id": "/subscriptions/dcef7009-6b94-4382-afdc-17eb160d709a/resourceGroups/rg-foundry-700/providers/Microsoft.Network/networkSecurityPerimeters/azure-nsp-700/profiles/nsp-profile/accessRules/nsp-access-rule-outbound",
            "name": "nsp-access-rule-outbound",
            "network_security_perimeter_profile_id": "/subscriptions/dcef7009-6b94-4382-afdc-17eb160d709a/resourceGroups/rg-foundry-700/providers/Microsoft.Network/networkSecurityPerimeters/azure-nsp-700/profiles/nsp-profile",
            "service_tags": [],
            "subscription_ids": [],
            "timeouts": null
          },
          "sensitive_attributes": [],
          "identity_schema_version": 0,
          "private": "eyJlMmJmYjczMC1lY2FhLTExZTYtOGY4OC0zNDM2M2JjN2M0YzAiOnsiY3JlYXRlIjoxODAwMDAwMDAwMDAwLCJkZWxldGUiOjE4MDAwMDAwMDAwMDAsInJlYWQiOjMwMDAwMDAwMDAwMCwidXBkYXRlIjoxODAwMDAwMDAwMDAwfX0=",
          "dependencies": [
            "azurerm_network_security_perimeter.nsp",
            "azurerm_network_security_perimeter_profile.nsp_profile",
            "azurerm_resource_group.rg"
          ]
        }
      ]
    },
    {
      "mode": "managed",
      "type": "azurerm_network_security_perimeter_association",
      "name": "nsp_association_foundry",
      "provider": "provider[\"registry.terraform.io/hashicorp/azurerm\"]",
      "instances": [
        {
          "schema_version": 0,
          "attributes": {
            "access_mode": "Learning",
            "id": "/subscriptions/dcef7009-6b94-4382-afdc-17eb160d709a/resourceGroups/rg-foundry-700/providers/Microsoft.Network/networkSecurityPerimeters/azure-nsp-700/resourceAssociations/nsp-association-foundry",
            "name": "nsp-association-foundry",
            "network_security_perimeter_profile_id": "/subscriptions/dcef7009-6b94-4382-afdc-17eb160d709a/resourceGroups/rg-foundry-700/providers/Microsoft.Network/networkSecurityPerimeters/azure-nsp-700/profiles/nsp-profile",
            "resource_id": "/subscriptions/dcef7009-6b94-4382-afdc-17eb160d709a/resourceGroups/rg-foundry-700/providers/Microsoft.CognitiveServices/accounts/foundry-700",
            "timeouts": null
          },
          "sensitive_attributes": [],
          "identity_schema_version": 0,
          "private": "eyJlMmJmYjczMC1lY2FhLTExZTYtOGY4OC0zNDM2M2JjN2M0YzAiOnsiY3JlYXRlIjoxODAwMDAwMDAwMDAwLCJkZWxldGUiOjE4MDAwMDAwMDAwMDAsInJlYWQiOjMwMDAwMDAwMDAwMCwidXBkYXRlIjoxODAwMDAwMDAwMDAwfX0=",
          "dependencies": [
            "azurerm_cognitive_account.foundry",
            "azurerm_network_security_perimeter.nsp",
            "azurerm_network_security_perimeter_profile.nsp_profile",
            "azurerm_resource_group.rg"
          ]
        }
      ]
    },
    {
      "mode": "managed",
      "type": "azurerm_network_security_perimeter_association",
      "name": "nsp_association_keyvault",
      "provider": "provider[\"registry.terraform.io/hashicorp/azurerm\"]",
      "instances": [
        {
          "schema_version": 0,
          "attributes": {
            "access_mode": "Learning",
            "id": "/subscriptions/dcef7009-6b94-4382-afdc-17eb160d709a/resourceGroups/rg-foundry-700/providers/Microsoft.Network/networkSecurityPerimeters/azure-nsp-700/resourceAssociations/nsp-association-keyvault",
            "name": "nsp-association-keyvault",
            "network_security_perimeter_profile_id": "/subscriptions/dcef7009-6b94-4382-afdc-17eb160d709a/resourceGroups/rg-foundry-700/providers/Microsoft.Network/networkSecurityPerimeters/azure-nsp-700/profiles/nsp-profile",
            "resource_id": "/subscriptions/dcef7009-6b94-4382-afdc-17eb160d709a/resourceGroups/rg-foundry-700/providers/Microsoft.KeyVault/vaults/keyvault4foundry700",
            "timeouts": null
          },
          "sensitive_attributes": [],
          "identity_schema_version": 0,
          "private": "eyJlMmJmYjczMC1lY2FhLTExZTYtOGY4OC0zNDM2M2JjN2M0YzAiOnsiY3JlYXRlIjoxODAwMDAwMDAwMDAwLCJkZWxldGUiOjE4MDAwMDAwMDAwMDAsInJlYWQiOjMwMDAwMDAwMDAwMCwidXBkYXRlIjoxODAwMDAwMDAwMDAwfX0=",
          "dependencies": [
            "azurerm_key_vault.keyvault",
            "azurerm_network_security_perimeter.nsp",
            "azurerm_network_security_perimeter_profile.nsp_profile",
            "azurerm_resource_group.rg",
            "data.azurerm_client_config.current"
          ]
        }
      ]
    },
    {
      "mode": "managed",
      "type": "azurerm_network_security_perimeter_profile",
      "name": "nsp_profile",
      "provider": "provider[\"registry.terraform.io/hashicorp/azurerm\"]",
      "instances": [
        {
          "schema_version": 0,
          "attributes": {
            "id": "/subscriptions/dcef7009-6b94-4382-afdc-17eb160d709a/resourceGroups/rg-foundry-700/providers/Microsoft.Network/networkSecurityPerimeters/azure-nsp-700/profiles/nsp-profile",
            "name": "nsp-profile",
            "network_security_perimeter_id": "/subscriptions/dcef7009-6b94-4382-afdc-17eb160d709a/resourceGroups/rg-foundry-700/providers/Microsoft.Network/networkSecurityPerimeters/azure-nsp-700",
            "timeouts": null
          },
          "sensitive_attributes": [],
          "identity_schema_version": 0,
          "private": "eyJlMmJmYjczMC1lY2FhLTExZTYtOGY4OC0zNDM2M2JjN2M0YzAiOnsiY3JlYXRlIjoxODAwMDAwMDAwMDAwLCJkZWxldGUiOjE4MDAwMDAwMDAwMDAsInJlYWQiOjMwMDAwMDAwMDAwMH19",
          "dependencies": [
            "azurerm_network_security_perimeter.nsp",
            "azurerm_resource_group.rg"
          ]
        }
      ]
    },
    {
      "mode": "managed",
      "type": "azurerm_resource_group",
      "name": "rg",
      "provider": "provider[\"registry.terraform.io/hashicorp/azurerm\"]",
      "instances": [
        {
          "schema_version": 0,
          "attributes": {
            "id": "/subscriptions/dcef7009-6b94-4382-afdc-17eb160d709a/resourceGroups/rg-foundry-700",
            "location": "swedencentral",
            "managed_by": "",
            "name": "rg-foundry-700",
            "tags": {},
            "timeouts": null
          },
          "sensitive_attributes": [],
          "identity_schema_version": 0,
          "identity": {
            "name": "rg-foundry-700",
            "subscription_id": "dcef7009-6b94-4382-afdc-17eb160d709a"
          },
          "private": "eyJlMmJmYjczMC1lY2FhLTExZTYtOGY4OC0zNDM2M2JjN2M0YzAiOnsiY3JlYXRlIjo1NDAwMDAwMDAwMDAwLCJkZWxldGUiOjU0MDAwMDAwMDAwMDAsInJlYWQiOjMwMDAwMDAwMDAwMCwidXBkYXRlIjo1NDAwMDAwMDAwMDAwfX0="
        }
      ]
    },
    {
      "mode": "managed",
      "type": "azurerm_role_assignment",
      "name": "ai-owner-bing-search",
      "provider": "provider[\"registry.terraform.io/hashicorp/azurerm\"]",
      "instances": [
        {
          "schema_version": 0,
          "attributes": {
            "condition": "",
            "condition_version": "",
            "delegated_managed_identity_resource_id": "",
            "description": "",
            "id": "/subscriptions/dcef7009-6b94-4382-afdc-17eb160d709a/resourceGroups/rg-foundry-700/providers/Microsoft.Bing/accounts/bing-search-custom/providers/Microsoft.Authorization/roleAssignments/e6a836ed-5398-5869-10e9-9dd3514b96ea",
            "name": "e6a836ed-5398-5869-10e9-9dd3514b96ea",
            "principal_id": "8173c45d-035e-4692-8f40-540cd5fc0f18",
            "principal_type": "User",
            "role_definition_id": "/subscriptions/dcef7009-6b94-4382-afdc-17eb160d709a/providers/Microsoft.Authorization/roleDefinitions/c883944f-8b7b-4483-af10-35834be79c4a",
            "role_definition_name": "Azure AI Owner",
            "scope": "/subscriptions/dcef7009-6b94-4382-afdc-17eb160d709a/resourceGroups/rg-foundry-700/providers/Microsoft.Bing/accounts/bing-search-custom",
            "skip_service_principal_aad_check": null,
            "timeouts": null
          },
          "sensitive_attributes": [],
          "identity_schema_version": 0,
          "private": "eyJlMmJmYjczMC1lY2FhLTExZTYtOGY4OC0zNDM2M2JjN2M0YzAiOnsiY3JlYXRlIjoxODAwMDAwMDAwMDAwLCJkZWxldGUiOjE4MDAwMDAwMDAwMDAsInJlYWQiOjMwMDAwMDAwMDAwMH19",
          "dependencies": [
            "azapi_resource.bing_search_custom",
            "azurerm_resource_group.rg",
            "data.azurerm_client_config.current"
          ]
        }
      ]
    },
    {
      "mode": "managed",
      "type": "azurerm_role_assignment",
      "name": "ai-user",
      "provider": "provider[\"registry.terraform.io/hashicorp/azurerm\"]",
      "instances": [
        {
          "schema_version": 0,
          "attributes": {
            "condition": "",
            "condition_version": "",
            "delegated_managed_identity_resource_id": "",
            "description": "",
            "id": "/subscriptions/dcef7009-6b94-4382-afdc-17eb160d709a/resourceGroups/rg-foundry-700/providers/Microsoft.CognitiveServices/accounts/foundry-700/providers/Microsoft.Authorization/roleAssignments/09eb071d-d80c-c343-9807-5e846e4d50c5",
            "name": "09eb071d-d80c-c343-9807-5e846e4d50c5",
            "principal_id": "8173c45d-035e-4692-8f40-540cd5fc0f18",
            "principal_type": "User",
            "role_definition_id": "/subscriptions/dcef7009-6b94-4382-afdc-17eb160d709a/providers/Microsoft.Authorization/roleDefinitions/53ca6127-db72-4b80-b1b0-d745d6d5456d",
            "role_definition_name": "Azure AI User",
            "scope": "/subscriptions/dcef7009-6b94-4382-afdc-17eb160d709a/resourceGroups/rg-foundry-700/providers/Microsoft.CognitiveServices/accounts/foundry-700",
            "skip_service_principal_aad_check": null,
            "timeouts": null
          },
          "sensitive_attributes": [],
          "identity_schema_version": 0,
          "private": "eyJlMmJmYjczMC1lY2FhLTExZTYtOGY4OC0zNDM2M2JjN2M0YzAiOnsiY3JlYXRlIjoxODAwMDAwMDAwMDAwLCJkZWxldGUiOjE4MDAwMDAwMDAwMDAsInJlYWQiOjMwMDAwMDAwMDAwMH19",
          "dependencies": [
            "azurerm_cognitive_account.foundry",
            "azurerm_resource_group.rg",
            "data.azurerm_client_config.current"
          ]
        }
      ]
    },
    {
      "mode": "managed",
      "type": "azurerm_role_assignment",
      "name": "foundry_project_acrpull",
      "provider": "provider[\"registry.terraform.io/hashicorp/azurerm\"]",
      "instances": [
        {
          "schema_version": 0,
          "attributes": {
            "condition": "",
            "condition_version": "",
            "delegated_managed_identity_resource_id": "",
            "description": "",
            "id": "/subscriptions/dcef7009-6b94-4382-afdc-17eb160d709a/resourceGroups/rg-foundry-700/providers/Microsoft.ContainerRegistry/registries/acr4hostedagent700/providers/Microsoft.Authorization/roleAssignments/9e3cc764-6608-5da9-5039-67c85f80f6c6",
            "name": "9e3cc764-6608-5da9-5039-67c85f80f6c6",
            "principal_id": "b9f9ccca-9b8b-46c7-bf24-01f134895946",
            "principal_type": "ServicePrincipal",
            "role_definition_id": "/subscriptions/dcef7009-6b94-4382-afdc-17eb160d709a/providers/Microsoft.Authorization/roleDefinitions/7f951dda-4ed3-4680-a7ca-43fe172d538d",
            "role_definition_name": "AcrPull",
            "scope": "/subscriptions/dcef7009-6b94-4382-afdc-17eb160d709a/resourceGroups/rg-foundry-700/providers/Microsoft.ContainerRegistry/registries/acr4hostedagent700",
            "skip_service_principal_aad_check": null,
            "timeouts": null
          },
          "sensitive_attributes": [],
          "identity_schema_version": 0,
          "private": "eyJlMmJmYjczMC1lY2FhLTExZTYtOGY4OC0zNDM2M2JjN2M0YzAiOnsiY3JlYXRlIjoxODAwMDAwMDAwMDAwLCJkZWxldGUiOjE4MDAwMDAwMDAwMDAsInJlYWQiOjMwMDAwMDAwMDAwMH19",
          "dependencies": [
            "azurerm_cognitive_account.foundry",
            "azurerm_cognitive_account_project.project",
            "azurerm_container_registry.acr",
            "azurerm_resource_group.rg"
          ]
        }
      ]
    },
    {
      "mode": "managed",
      "type": "azurerm_role_assignment",
      "name": "key-vault-secrets-administrator",
      "provider": "provider[\"registry.terraform.io/hashicorp/azurerm\"]",
      "instances": [
        {
          "schema_version": 0,
          "attributes": {
            "condition": "",
            "condition_version": "",
            "delegated_managed_identity_resource_id": "",
            "description": "",
            "id": "/subscriptions/dcef7009-6b94-4382-afdc-17eb160d709a/resourceGroups/rg-foundry-700/providers/Microsoft.KeyVault/vaults/keyvault4foundry700/providers/Microsoft.Authorization/roleAssignments/65407fa9-5724-fddb-29dc-f7dab91a40ee",
            "name": "65407fa9-5724-fddb-29dc-f7dab91a40ee",
            "principal_id": "8173c45d-035e-4692-8f40-540cd5fc0f18",
            "principal_type": "User",
            "role_definition_id": "/subscriptions/dcef7009-6b94-4382-afdc-17eb160d709a/providers/Microsoft.Authorization/roleDefinitions/00482a5a-887f-4fb3-b363-3b7fe8e74483",
            "role_definition_name": "Key Vault Administrator",
            "scope": "/subscriptions/dcef7009-6b94-4382-afdc-17eb160d709a/resourceGroups/rg-foundry-700/providers/Microsoft.KeyVault/vaults/keyvault4foundry700",
            "skip_service_principal_aad_check": null,
            "timeouts": null
          },
          "sensitive_attributes": [],
          "identity_schema_version": 0,
          "private": "eyJlMmJmYjczMC1lY2FhLTExZTYtOGY4OC0zNDM2M2JjN2M0YzAiOnsiY3JlYXRlIjoxODAwMDAwMDAwMDAwLCJkZWxldGUiOjE4MDAwMDAwMDAwMDAsInJlYWQiOjMwMDAwMDAwMDAwMH19",
          "dependencies": [
            "azurerm_key_vault.keyvault",
            "azurerm_resource_group.rg",
            "data.azurerm_client_config.current"
          ]
        }
      ]
    },
    {
      "mode": "managed",
      "type": "azurerm_role_assignment",
      "name": "role_acrpull_aca",
      "provider": "provider[\"registry.terraform.io/hashicorp/azurerm\"]",
      "instances": [
        {
          "schema_version": 0,
          "attributes": {
            "condition": "",
            "condition_version": "",
            "delegated_managed_identity_resource_id": "",
            "description": "",
            "id": "/subscriptions/dcef7009-6b94-4382-afdc-17eb160d709a/resourceGroups/rg-foundry-700/providers/Microsoft.ContainerRegistry/registries/acr4hostedagent700/providers/Microsoft.Authorization/roleAssignments/15d1ac9e-b7a4-eafb-2183-20b9ec44117b",
            "name": "15d1ac9e-b7a4-eafb-2183-20b9ec44117b",
            "principal_id": "51f56bb5-56e7-4c87-b552-c7e3c50e1c57",
            "principal_type": "ServicePrincipal",
            "role_definition_id": "/subscriptions/dcef7009-6b94-4382-afdc-17eb160d709a/providers/Microsoft.Authorization/roleDefinitions/7f951dda-4ed3-4680-a7ca-43fe172d538d",
            "role_definition_name": "AcrPull",
            "scope": "/subscriptions/dcef7009-6b94-4382-afdc-17eb160d709a/resourceGroups/rg-foundry-700/providers/Microsoft.ContainerRegistry/registries/acr4hostedagent700",
            "skip_service_principal_aad_check": null,
            "timeouts": null
          },
          "sensitive_attributes": [],
          "identity_schema_version": 0,
          "private": "eyJlMmJmYjczMC1lY2FhLTExZTYtOGY4OC0zNDM2M2JjN2M0YzAiOnsiY3JlYXRlIjoxODAwMDAwMDAwMDAwLCJkZWxldGUiOjE4MDAwMDAwMDAwMDAsInJlYWQiOjMwMDAwMDAwMDAwMH19",
          "dependencies": [
            "azurerm_container_registry.acr",
            "azurerm_resource_group.rg",
            "azurerm_user_assigned_identity.identity_aca"
          ]
        }
      ]
    },
    {
      "mode": "managed",
      "type": "azurerm_role_assignment",
      "name": "role_azure_ai_user_aca",
      "provider": "provider[\"registry.terraform.io/hashicorp/azurerm\"]",
      "instances": [
        {
          "schema_version": 0,
          "attributes": {
            "condition": "",
            "condition_version": "",
            "delegated_managed_identity_resource_id": "",
            "description": "",
            "id": "/subscriptions/dcef7009-6b94-4382-afdc-17eb160d709a/resourceGroups/rg-foundry-700/providers/Microsoft.CognitiveServices/accounts/foundry-700/providers/Microsoft.Authorization/roleAssignments/2e6d99f4-d774-b5bd-b627-24579cd17f27",
            "name": "2e6d99f4-d774-b5bd-b627-24579cd17f27",
            "principal_id": "51f56bb5-56e7-4c87-b552-c7e3c50e1c57",
            "principal_type": "ServicePrincipal",
            "role_definition_id": "/subscriptions/dcef7009-6b94-4382-afdc-17eb160d709a/providers/Microsoft.Authorization/roleDefinitions/53ca6127-db72-4b80-b1b0-d745d6d5456d",
            "role_definition_name": "Azure AI User",
            "scope": "/subscriptions/dcef7009-6b94-4382-afdc-17eb160d709a/resourceGroups/rg-foundry-700/providers/Microsoft.CognitiveServices/accounts/foundry-700",
            "skip_service_principal_aad_check": null,
            "timeouts": null
          },
          "sensitive_attributes": [],
          "identity_schema_version": 0,
          "private": "eyJlMmJmYjczMC1lY2FhLTExZTYtOGY4OC0zNDM2M2JjN2M0YzAiOnsiY3JlYXRlIjoxODAwMDAwMDAwMDAwLCJkZWxldGUiOjE4MDAwMDAwMDAwMDAsInJlYWQiOjMwMDAwMDAwMDAwMH19",
          "dependencies": [
            "azurerm_cognitive_account.foundry",
            "azurerm_resource_group.rg",
            "azurerm_user_assigned_identity.identity_aca"
          ]
        }
      ]
    },
    {
      "mode": "managed",
      "type": "azurerm_role_assignment",
      "name": "role_azure_ai_user_foundry",
      "provider": "provider[\"registry.terraform.io/hashicorp/azurerm\"]",
      "instances": [
        {
          "schema_version": 0,
          "attributes": {
            "condition": "",
            "condition_version": "",
            "delegated_managed_identity_resource_id": "",
            "description": "",
            "id": "/subscriptions/dcef7009-6b94-4382-afdc-17eb160d709a/resourceGroups/rg-foundry-700/providers/Microsoft.CognitiveServices/accounts/foundry-700/providers/Microsoft.Authorization/roleAssignments/d9b7a338-5b88-832c-91ef-d54e3460dbae",
            "name": "d9b7a338-5b88-832c-91ef-d54e3460dbae",
            "principal_id": "b9f9ccca-9b8b-46c7-bf24-01f134895946",
            "principal_type": "ServicePrincipal",
            "role_definition_id": "/subscriptions/dcef7009-6b94-4382-afdc-17eb160d709a/providers/Microsoft.Authorization/roleDefinitions/53ca6127-db72-4b80-b1b0-d745d6d5456d",
            "role_definition_name": "Azure AI User",
            "scope": "/subscriptions/dcef7009-6b94-4382-afdc-17eb160d709a/resourceGroups/rg-foundry-700/providers/Microsoft.CognitiveServices/accounts/foundry-700",
            "skip_service_principal_aad_check": null,
            "timeouts": null
          },
          "sensitive_attributes": [],
          "identity_schema_version": 0,
          "private": "eyJlMmJmYjczMC1lY2FhLTExZTYtOGY4OC0zNDM2M2JjN2M0YzAiOnsiY3JlYXRlIjoxODAwMDAwMDAwMDAwLCJkZWxldGUiOjE4MDAwMDAwMDAwMDAsInJlYWQiOjMwMDAwMDAwMDAwMH19",
          "dependencies": [
            "azurerm_cognitive_account.foundry",
            "azurerm_cognitive_account_project.project",
            "azurerm_resource_group.rg"
          ]
        }
      ]
    },
    {
      "mode": "managed",
      "type": "azurerm_role_assignment",
      "name": "storage_roleassignment",
      "provider": "provider[\"registry.terraform.io/hashicorp/azurerm\"]",
      "instances": [
        {
          "schema_version": 0,
          "attributes": {
            "condition": "",
            "condition_version": "",
            "delegated_managed_identity_resource_id": "",
            "description": "",
            "id": "/subscriptions/dcef7009-6b94-4382-afdc-17eb160d709a/resourceGroups/rg-foundry-700/providers/Microsoft.Storage/storageAccounts/storage4functions700/providers/Microsoft.Authorization/roleAssignments/e185e8a7-8a39-89b8-96d0-2b3edcff0bd9",
            "name": "e185e8a7-8a39-89b8-96d0-2b3edcff0bd9",
            "principal_id": "34da49b9-1e5f-410c-8972-a63e074d39e7",
            "principal_type": "ServicePrincipal",
            "role_definition_id": "/subscriptions/dcef7009-6b94-4382-afdc-17eb160d709a/providers/Microsoft.Authorization/roleDefinitions/b7e6dc6d-f1e8-4753-8033-0f276bb0955b",
            "role_definition_name": "Storage Blob Data Owner",
            "scope": "/subscriptions/dcef7009-6b94-4382-afdc-17eb160d709a/resourceGroups/rg-foundry-700/providers/Microsoft.Storage/storageAccounts/storage4functions700",
            "skip_service_principal_aad_check": null,
            "timeouts": null
          },
          "sensitive_attributes": [],
          "identity_schema_version": 0,
          "private": "eyJlMmJmYjczMC1lY2FhLTExZTYtOGY4OC0zNDM2M2JjN2M0YzAiOnsiY3JlYXRlIjoxODAwMDAwMDAwMDAwLCJkZWxldGUiOjE4MDAwMDAwMDAwMDAsInJlYWQiOjMwMDAwMDAwMDAwMH19",
          "dependencies": [
            "azapi_resource.function_app",
            "azurerm_application_insights.app_insights",
            "azurerm_log_analytics_workspace.workspace",
            "azurerm_resource_group.rg",
            "azurerm_service_plan.app_service_plan_functions",
            "azurerm_storage_account.storage_functions",
            "azurerm_storage_container.container_functions"
          ]
        }
      ]
    },
    {
      "mode": "managed",
      "type": "azurerm_service_plan",
      "name": "app_service_plan_functions",
      "provider": "provider[\"registry.terraform.io/hashicorp/azurerm\"]",
      "instances": [
        {
          "schema_version": 1,
          "attributes": {
            "app_service_environment_id": "",
            "id": "/subscriptions/dcef7009-6b94-4382-afdc-17eb160d709a/resourceGroups/rg-foundry-700/providers/Microsoft.Web/serverFarms/app-service-plan-functions",
            "kind": "functionapp",
            "location": "swedencentral",
            "maximum_elastic_worker_count": 1,
            "name": "app-service-plan-functions",
            "os_type": "Linux",
            "per_site_scaling_enabled": false,
            "premium_plan_auto_scale_enabled": false,
            "reserved": true,
            "resource_group_name": "rg-foundry-700",
            "sku_name": "FC1",
            "tags": {},
            "timeouts": null,
            "worker_count": 0,
            "zone_balancing_enabled": false
          },
          "sensitive_attributes": [],
          "identity_schema_version": 0,
          "identity": {
            "name": "app-service-plan-functions",
            "resource_group_name": "rg-foundry-700",
            "subscription_id": "dcef7009-6b94-4382-afdc-17eb160d709a"
          },
          "private": "eyJlMmJmYjczMC1lY2FhLTExZTYtOGY4OC0zNDM2M2JjN2M0YzAiOnsiY3JlYXRlIjozNjAwMDAwMDAwMDAwLCJkZWxldGUiOjM2MDAwMDAwMDAwMDAsInJlYWQiOjMwMDAwMDAwMDAwMCwidXBkYXRlIjozNjAwMDAwMDAwMDAwfSwic2NoZW1hX3ZlcnNpb24iOiIxIn0=",
          "dependencies": [
            "azurerm_resource_group.rg"
          ]
        }
      ]
    },
    {
      "mode": "managed",
      "type": "azurerm_storage_account",
      "name": "storage_functions",
      "provider": "provider[\"registry.terraform.io/hashicorp/azurerm\"]",
      "instances": [
        {
          "schema_version": 4,
          "attributes": {
            "access_tier": "Hot",
            "account_kind": "StorageV2",
            "account_replication_type": "LRS",
            "account_tier": "Standard",
            "allow_nested_items_to_be_public": true,
            "allowed_copy_scope": "",
            "azure_files_authentication": [],
            "blob_properties": [
              {
                "change_feed_enabled": false,
                "change_feed_retention_in_days": 0,
                "container_delete_retention_policy": [],
                "cors_rule": [],
                "default_service_version": "",
                "delete_retention_policy": [],
                "last_access_time_enabled": false,
                "restore_policy": [],
                "versioning_enabled": false
              }
            ],
            "cross_tenant_replication_enabled": false,
            "custom_domain": [],
            "customer_managed_key": [],
            "default_to_oauth_authentication": false,
            "dns_endpoint_type": "Standard",
            "edge_zone": "",
            "https_traffic_only_enabled": true,
            "id": "/subscriptions/dcef7009-6b94-4382-afdc-17eb160d709a/resourceGroups/rg-foundry-700/providers/Microsoft.Storage/storageAccounts/storage4functions700",
            "identity": [],
            "immutability_policy": [],
            "infrastructure_encryption_enabled": false,
            "is_hns_enabled": false,
            "large_file_share_enabled": false,
            "local_user_enabled": true,
            "location": "swedencentral",
            "min_tls_version": "TLS1_2",
            "name": "storage4functions700",
            "network_rules": [
              {
                "bypass": [
                  "AzureServices"
                ],
                "default_action": "Allow",
                "ip_rules": [],
                "private_link_access": [
                  {
                    "endpoint_resource_id": "/subscriptions/dcef7009-6b94-4382-afdc-17eb160d709a/providers/Microsoft.Security/datascanners/StorageDataScanner",
                    "endpoint_tenant_id": "93139d1e-a3c1-4d78-9ed5-878be090eba4"
                  }
                ],
                "virtual_network_subnet_ids": []
              }
            ],
            "nfsv3_enabled": false,
            "primary_access_key": "IgSnIeyos/+lHNaEFNePq4+h7Ljnx1TCGCGmASOed4oNyzQYsuL8zA7IiRMUpTWRTCMibdSoY8f9+ASt/8ULVw==",
            "primary_blob_connection_string": "DefaultEndpointsProtocol=https;BlobEndpoint=https://storage4functions700.blob.core.windows.net/;AccountName=storage4functions700;AccountKey=IgSnIeyos/+lHNaEFNePq4+h7Ljnx1TCGCGmASOed4oNyzQYsuL8zA7IiRMUpTWRTCMibdSoY8f9+ASt/8ULVw==",
            "primary_blob_endpoint": "https://storage4functions700.blob.core.windows.net/",
            "primary_blob_host": "storage4functions700.blob.core.windows.net",
            "primary_blob_internet_endpoint": "",
            "primary_blob_internet_host": "",
            "primary_blob_microsoft_endpoint": "",
            "primary_blob_microsoft_host": "",
            "primary_connection_string": "DefaultEndpointsProtocol=https;AccountName=storage4functions700;AccountKey=IgSnIeyos/+lHNaEFNePq4+h7Ljnx1TCGCGmASOed4oNyzQYsuL8zA7IiRMUpTWRTCMibdSoY8f9+ASt/8ULVw==;EndpointSuffix=core.windows.net",
            "primary_dfs_endpoint": "https://storage4functions700.dfs.core.windows.net/",
            "primary_dfs_host": "storage4functions700.dfs.core.windows.net",
            "primary_dfs_internet_endpoint": "",
            "primary_dfs_internet_host": "",
            "primary_dfs_microsoft_endpoint": "",
            "primary_dfs_microsoft_host": "",
            "primary_file_endpoint": "https://storage4functions700.file.core.windows.net/",
            "primary_file_host": "storage4functions700.file.core.windows.net",
            "primary_file_internet_endpoint": "",
            "primary_file_internet_host": "",
            "primary_file_microsoft_endpoint": "",
            "primary_file_microsoft_host": "",
            "primary_location": "swedencentral",
            "primary_queue_endpoint": "https://storage4functions700.queue.core.windows.net/",
            "primary_queue_host": "storage4functions700.queue.core.windows.net",
            "primary_queue_microsoft_endpoint": "",
            "primary_queue_microsoft_host": "",
            "primary_table_endpoint": "https://storage4functions700.table.core.windows.net/",
            "primary_table_host": "storage4functions700.table.core.windows.net",
            "primary_table_microsoft_endpoint": "",
            "primary_table_microsoft_host": "",
            "primary_web_endpoint": "https://storage4functions700.z1.web.core.windows.net/",
            "primary_web_host": "storage4functions700.z1.web.core.windows.net",
            "primary_web_internet_endpoint": "",
            "primary_web_internet_host": "",
            "primary_web_microsoft_endpoint": "",
            "primary_web_microsoft_host": "",
            "provisioned_billing_model_version": "",
            "public_network_access_enabled": true,
            "queue_encryption_key_type": "Service",
            "queue_properties": [
              {
                "cors_rule": [],
                "hour_metrics": [
                  {
                    "enabled": false,
                    "include_apis": false,
                    "retention_policy_days": 0,
                    "version": "1.0"
                  }
                ],
                "logging": [
                  {
                    "delete": false,
                    "read": false,
                    "retention_policy_days": 0,
                    "version": "1.0",
                    "write": false
                  }
                ],
                "minute_metrics": [
                  {
                    "enabled": false,
                    "include_apis": false,
                    "retention_policy_days": 0,
                    "version": "1.0"
                  }
                ]
              }
            ],
            "resource_group_name": "rg-foundry-700",
            "routing": [],
            "sas_policy": [],
            "secondary_access_key": "1s7HwOX3M930OzFaAYELn9D3J/93rCefKrHqZY91VrlkN+S6hUk46eWo8rilyu4Jn6KGV0CDcwdQ+ASta/nYww==",
            "secondary_blob_connection_string": "",
            "secondary_blob_endpoint": "",
            "secondary_blob_host": "",
            "secondary_blob_internet_endpoint": "",
            "secondary_blob_internet_host": "",
            "secondary_blob_microsoft_endpoint": "",
            "secondary_blob_microsoft_host": "",
            "secondary_connection_string": "DefaultEndpointsProtocol=https;AccountName=storage4functions700;AccountKey=1s7HwOX3M930OzFaAYELn9D3J/93rCefKrHqZY91VrlkN+S6hUk46eWo8rilyu4Jn6KGV0CDcwdQ+ASta/nYww==;EndpointSuffix=core.windows.net",
            "secondary_dfs_endpoint": "",
            "secondary_dfs_host": "",
            "secondary_dfs_internet_endpoint": "",
            "secondary_dfs_internet_host": "",
            "secondary_dfs_microsoft_endpoint": "",
            "secondary_dfs_microsoft_host": "",
            "secondary_file_endpoint": "",
            "secondary_file_host": "",
            "secondary_file_internet_endpoint": "",
            "secondary_file_internet_host": "",
            "secondary_file_microsoft_endpoint": "",
            "secondary_file_microsoft_host": "",
            "secondary_location": "",
            "secondary_queue_endpoint": "",
            "secondary_queue_host": "",
            "secondary_queue_microsoft_endpoint": "",
            "secondary_queue_microsoft_host": "",
            "secondary_table_endpoint": "",
            "secondary_table_host": "",
            "secondary_table_microsoft_endpoint": "",
            "secondary_table_microsoft_host": "",
            "secondary_web_endpoint": "",
            "secondary_web_host": "",
            "secondary_web_internet_endpoint": "",
            "secondary_web_internet_host": "",
            "secondary_web_microsoft_endpoint": "",
            "secondary_web_microsoft_host": "",
            "sftp_enabled": false,
            "share_properties": [
              {
                "cors_rule": [],
                "retention_policy": [
                  {
                    "days": 7
                  }
                ],
                "smb": []
              }
            ],
            "shared_access_key_enabled": true,
            "static_website": [],
            "table_encryption_key_type": "Service",
            "tags": {
              "SecurityControl": "Ignore"
            },
            "timeouts": null
          },
          "sensitive_attributes": [
            [
              {
                "type": "get_attr",
                "value": "primary_access_key"
              }
            ],
            [
              {
                "type": "get_attr",
                "value": "primary_blob_connection_string"
              }
            ],
            [
              {
                "type": "get_attr",
                "value": "primary_connection_string"
              }
            ],
            [
              {
                "type": "get_attr",
                "value": "secondary_access_key"
              }
            ],
            [
              {
                "type": "get_attr",
                "value": "secondary_blob_connection_string"
              }
            ],
            [
              {
                "type": "get_attr",
                "value": "secondary_connection_string"
              }
            ]
          ],
          "identity_schema_version": 0,
          "identity": {
            "name": "storage4functions700",
            "resource_group_name": "rg-foundry-700",
            "subscription_id": "dcef7009-6b94-4382-afdc-17eb160d709a"
          },
          "private": "eyJlMmJmYjczMC1lY2FhLTExZTYtOGY4OC0zNDM2M2JjN2M0YzAiOnsiY3JlYXRlIjozNjAwMDAwMDAwMDAwLCJkZWxldGUiOjM2MDAwMDAwMDAwMDAsInJlYWQiOjMwMDAwMDAwMDAwMCwidXBkYXRlIjozNjAwMDAwMDAwMDAwfSwic2NoZW1hX3ZlcnNpb24iOiI0In0=",
          "dependencies": [
            "azurerm_resource_group.rg"
          ]
        }
      ]
    },
    {
      "mode": "managed",
      "type": "azurerm_storage_container",
      "name": "container_functions",
      "provider": "provider[\"registry.terraform.io/hashicorp/azurerm\"]",
      "instances": [
        {
          "schema_version": 1,
          "attributes": {
            "container_access_type": "private",
            "default_encryption_scope": "$account-encryption-key",
            "encryption_scope_override_enabled": true,
            "has_immutability_policy": false,
            "has_legal_hold": false,
            "id": "/subscriptions/dcef7009-6b94-4382-afdc-17eb160d709a/resourceGroups/rg-foundry-700/providers/Microsoft.Storage/storageAccounts/storage4functions700/blobServices/default/containers/app-packages-functions",
            "metadata": {},
            "name": "app-packages-functions",
            "resource_manager_id": "/subscriptions/dcef7009-6b94-4382-afdc-17eb160d709a/resourceGroups/rg-foundry-700/providers/Microsoft.Storage/storageAccounts/storage4functions700/blobServices/default/containers/app-packages-functions",
            "storage_account_id": "/subscriptions/dcef7009-6b94-4382-afdc-17eb160d709a/resourceGroups/rg-foundry-700/providers/Microsoft.Storage/storageAccounts/storage4functions700",
            "storage_account_name": "",
            "timeouts": null
          },
          "sensitive_attributes": [],
          "identity_schema_version": 0,
          "private": "eyJlMmJmYjczMC1lY2FhLTExZTYtOGY4OC0zNDM2M2JjN2M0YzAiOnsiY3JlYXRlIjoxODAwMDAwMDAwMDAwLCJkZWxldGUiOjE4MDAwMDAwMDAwMDAsInJlYWQiOjMwMDAwMDAwMDAwMCwidXBkYXRlIjoxODAwMDAwMDAwMDAwfSwic2NoZW1hX3ZlcnNpb24iOiIxIn0=",
          "dependencies": [
            "azurerm_resource_group.rg",
            "azurerm_storage_account.storage_functions"
          ]
        }
      ]
    },
    {
      "mode": "managed",
      "type": "azurerm_user_assigned_identity",
      "name": "identity_aca",
      "provider": "provider[\"registry.terraform.io/hashicorp/azurerm\"]",
      "instances": [
        {
          "schema_version": 1,
          "attributes": {
            "client_id": "b147bd53-6c77-46d8-937b-38bd7f5c8158",
            "id": "/subscriptions/dcef7009-6b94-4382-afdc-17eb160d709a/resourceGroups/rg-foundry-700/providers/Microsoft.ManagedIdentity/userAssignedIdentities/identity-aca",
            "isolation_scope": "",
            "location": "swedencentral",
            "name": "identity-aca",
            "principal_id": "51f56bb5-56e7-4c87-b552-c7e3c50e1c57",
            "resource_group_name": "rg-foundry-700",
            "tags": {},
            "tenant_id": "93139d1e-a3c1-4d78-9ed5-878be090eba4",
            "timeouts": null
          },
          "sensitive_attributes": [],
          "identity_schema_version": 0,
          "private": "eyJlMmJmYjczMC1lY2FhLTExZTYtOGY4OC0zNDM2M2JjN2M0YzAiOnsiY3JlYXRlIjoxODAwMDAwMDAwMDAwLCJkZWxldGUiOjE4MDAwMDAwMDAwMDAsInJlYWQiOjMwMDAwMDAwMDAwMCwidXBkYXRlIjoxODAwMDAwMDAwMDAwfSwic2NoZW1hX3ZlcnNpb24iOiIxIn0=",
          "dependencies": [
            "azurerm_resource_group.rg"
          ]
        }
      ]
    },
    {
      "mode": "managed",
      "type": "time_sleep",
      "name": "purge_ai_foundry_cooldown",
      "provider": "provider[\"registry.terraform.io/hashicorp/time\"]",
      "instances": [
        {
          "schema_version": 0,
          "attributes": {
            "create_duration": null,
            "destroy_duration": "900s",
            "id": "2026-01-25T17:41:22Z",
            "triggers": null
          },
          "sensitive_attributes": [],
          "identity_schema_version": 0
        }
      ]
    }
  ],
  "check_results": null
}
