{
  "version": 4,
  "terraform_version": "1.14.5",
  "serial": 55,
  "lineage": "0a5e79dc-6b58-0420-c49d-f0203bde38ce",
  "outputs": {
    "acr_fqdn": {
      "value": "acr4hostedagent650.azurecr.io",
      "type": "string"
    },
    "acr_name": {
      "value": "acr4hostedagent650",
      "type": "string"
    },
    "foundry_api_key": {
      "value": "8WZoCOOoToB57y3AhYPIKksnK3osxiy6GXRZGXhaTgrnqJUr3BI4JQQJ99CCACfhMk5XJ3w3AAAAACOGN8Vr",
      "type": "string",
      "sensitive": true
    },
    "foundry_endpoint": {
      "value": "https://foundry-650.cognitiveservices.azure.com/",
      "type": "string"
    },
    "foundry_name": {
      "value": "foundry-650",
      "type": "string"
    },
    "foundry_project_endpoint": {
      "value": "https://foundry-650.services.ai.azure.com/api/projects/foundry-project-650",
      "type": "string"
    },
    "foundry_project_name": {
      "value": "foundry-project-650",
      "type": "string"
    },
    "llm_model_deployment_name": {
      "value": "gpt-5.2",
      "type": "string"
    }
  },
  "resources": [
    {
      "mode": "data",
      "type": "azurerm_client_config",
      "name": "current",
      "provider": "provider[\"registry.terraform.io/hashicorp/azurerm\"]",
      "instances": [
        {
          "schema_version": 0,
          "attributes": {
            "client_id": "04b07795-8ddb-461a-bbee-02f9e1bf7b46",
            "id": "Y2xpZW50Q29uZmlncy9jbGllbnRJZD0wNGIwNzc5NS04ZGRiLTQ2MWEtYmJlZS0wMmY5ZTFiZjdiNDY7b2JqZWN0SWQ9ODE3M2M0NWQtMDM1ZS00NjkyLThmNDAtNTQwY2Q1ZmMwZjE4O3N1YnNjcmlwdGlvbklkPWRjZWY3MDA5LTZiOTQtNDM4Mi1hZmRjLTE3ZWIxNjBkNzA5YTt0ZW5hbnRJZD05MzEzOWQxZS1hM2MxLTRkNzgtOWVkNS04NzhiZTA5MGViYTQ=",
            "object_id": "8173c45d-035e-4692-8f40-540cd5fc0f18",
            "subscription_id": "dcef7009-6b94-4382-afdc-17eb160d709a",
            "tenant_id": "93139d1e-a3c1-4d78-9ed5-878be090eba4",
            "timeouts": null
          },
          "sensitive_attributes": [],
          "identity_schema_version": 0
        }
      ]
    },
    {
      "mode": "managed",
      "type": "azapi_resource",
      "name": "foundry_capability_host",
      "provider": "provider[\"registry.terraform.io/azure/azapi\"]",
      "instances": [
        {
          "schema_version": 2,
          "attributes": {
            "body": {
              "value": {
                "properties": {
                  "aiServicesConnections": null,
                  "capabilityHostKind": "Agents",
                  "customerSubnet": null,
                  "description": null,
                  "enablePublicHostingEnvironment": true,
                  "storageConnections": null,
                  "tags": null,
                  "threadStorageConnections": null,
                  "vectorStoreConnections": null
                }
              },
              "type": [
                "object",
                {
                  "properties": [
                    "object",
                    {
                      "aiServicesConnections": "dynamic",
                      "capabilityHostKind": "string",
                      "customerSubnet": "dynamic",
                      "description": "dynamic",
                      "enablePublicHostingEnvironment": "bool",
                      "storageConnections": "dynamic",
                      "tags": "dynamic",
                      "threadStorageConnections": "dynamic",
                      "vectorStoreConnections": "dynamic"
                    }
                  ]
                }
              ]
            },
            "create_headers": null,
            "create_query_parameters": null,
            "delete_headers": null,
            "delete_query_parameters": null,
            "id": "/subscriptions/dcef7009-6b94-4382-afdc-17eb160d709a/resourceGroups/rg-foundry-650/providers/Microsoft.CognitiveServices/accounts/foundry-650/capabilityHosts/foundry-capability-host-650",
            "identity": [],
            "ignore_casing": false,
            "ignore_missing_property": true,
            "ignore_null_property": false,
            "location": null,
            "locks": null,
            "name": "foundry-capability-host-650",
            "output": {
              "value": {
                "id": "/subscriptions/dcef7009-6b94-4382-afdc-17eb160d709a/resourceGroups/rg-foundry-650/providers/Microsoft.CognitiveServices/accounts/foundry-650/capabilityHosts/foundry-capability-host-650",
                "properties": {
                  "provisioningState": "Succeeded"
                },
                "type": "Microsoft.CognitiveServices/accounts/capabilityHosts"
              },
              "type": [
                "object",
                {
                  "id": "string",
                  "properties": [
                    "object",
                    {
                      "provisioningState": "string"
                    }
                  ],
                  "type": "string"
                }
              ]
            },
            "parent_id": "/subscriptions/dcef7009-6b94-4382-afdc-17eb160d709a/resourceGroups/rg-foundry-650/providers/Microsoft.CognitiveServices/accounts/foundry-650",
            "read_headers": null,
            "read_query_parameters": null,
            "replace_triggers_external_values": null,
            "replace_triggers_refs": null,
            "response_export_values": null,
            "retry": null,
            "schema_validation_enabled": false,
            "sensitive_body": null,
            "sensitive_body_version": null,
            "tags": null,
            "timeouts": null,
            "type": "Microsoft.CognitiveServices/accounts/capabilityHosts@2025-10-01-preview",
            "update_headers": null,
            "update_query_parameters": null
          },
          "sensitive_attributes": [],
          "identity_schema_version": 0,
          "identity": {
            "id": "/subscriptions/dcef7009-6b94-4382-afdc-17eb160d709a/resourceGroups/rg-foundry-650/providers/Microsoft.CognitiveServices/accounts/foundry-650/capabilityHosts/foundry-capability-host-650",
            "type": "Microsoft.CognitiveServices/accounts/capabilityHosts@2025-10-01-preview"
          },
          "private": "eyJzZW5zaXRpdmVfYm9keSI6ImV5Sm9ZWE5vSWpvaVpFTk9UMjFMTDI1VFdTc3hNblpJZW1GelRGaHBjM2Q2YkVkVU5WVklRVGRxUVVkWmEzWnRRM1ZSY3owaWZRPT0ifQ==",
          "dependencies": [
            "azurerm_cognitive_account.foundry",
            "azurerm_resource_group.rg"
          ]
        }
      ]
    },
    {
      "mode": "managed",
      "type": "azapi_resource",
      "name": "foundry_project_capability_host",
      "provider": "provider[\"registry.terraform.io/azure/azapi\"]",
      "instances": [
        {
          "schema_version": 2,
          "attributes": {
            "body": {
              "value": {
                "properties": {
                  "capabilityHostKind": "Agents",
                  "enablePublicHostingEnvironment": true
                }
              },
              "type": [
                "object",
                {
                  "properties": [
                    "object",
                    {
                      "capabilityHostKind": "string",
                      "enablePublicHostingEnvironment": "bool"
                    }
                  ]
                }
              ]
            },
            "create_headers": null,
            "create_query_parameters": null,
            "delete_headers": null,
            "delete_query_parameters": null,
            "id": "/subscriptions/dcef7009-6b94-4382-afdc-17eb160d709a/resourceGroups/rg-foundry-650/providers/Microsoft.CognitiveServices/accounts/foundry-650/projects/foundry-project-650/capabilityHosts/foundry-project-capability-host",
            "identity": [],
            "ignore_casing": false,
            "ignore_missing_property": true,
            "ignore_null_property": false,
            "location": null,
            "locks": null,
            "name": "foundry-project-capability-host",
            "output": {
              "value": {
                "id": "/subscriptions/dcef7009-6b94-4382-afdc-17eb160d709a/resourceGroups/rg-foundry-650/providers/Microsoft.CognitiveServices/accounts/foundry-650/projects/foundry-project-650/capabilityHosts/foundry-project-capability-host",
                "properties": {
                  "provisioningState": "Succeeded"
                },
                "type": "Microsoft.CognitiveServices/accounts/projects/capabilityHosts"
              },
              "type": [
                "object",
                {
                  "id": "string",
                  "properties": [
                    "object",
                    {
                      "provisioningState": "string"
                    }
                  ],
                  "type": "string"
                }
              ]
            },
            "parent_id": "/subscriptions/dcef7009-6b94-4382-afdc-17eb160d709a/resourceGroups/rg-foundry-650/providers/Microsoft.CognitiveServices/accounts/foundry-650/projects/foundry-project-650",
            "read_headers": null,
            "read_query_parameters": null,
            "replace_triggers_external_values": null,
            "replace_triggers_refs": null,
            "response_export_values": null,
            "retry": null,
            "schema_validation_enabled": false,
            "sensitive_body": null,
            "sensitive_body_version": null,
            "tags": null,
            "timeouts": null,
            "type": "Microsoft.CognitiveServices/accounts/projects/capabilityHosts@2025-10-01-preview",
            "update_headers": null,
            "update_query_parameters": null
          },
          "sensitive_attributes": [],
          "identity_schema_version": 0,
          "identity": {
            "id": "/subscriptions/dcef7009-6b94-4382-afdc-17eb160d709a/resourceGroups/rg-foundry-650/providers/Microsoft.CognitiveServices/accounts/foundry-650/projects/foundry-project-650/capabilityHosts/foundry-project-capability-host",
            "type": null
          },
          "private": "eyJzZW5zaXRpdmVfYm9keSI6ImV5Sm9ZWE5vSWpvaVpFTk9UMjFMTDI1VFdTc3hNblpJZW1GelRGaHBjM2Q2YkVkVU5WVklRVGRxUVVkWmEzWnRRM1ZSY3owaWZRPT0ifQ==",
          "dependencies": [
            "azapi_resource.foundry_capability_host",
            "azurerm_cognitive_account.foundry",
            "azurerm_cognitive_account_project.project",
            "azurerm_resource_group.rg"
          ]
        }
      ]
    },
    {
      "mode": "managed",
      "type": "azurerm_cognitive_account",
      "name": "foundry",
      "provider": "provider[\"registry.terraform.io/hashicorp/azurerm\"]",
      "instances": [
        {
          "schema_version": 0,
          "attributes": {
            "custom_question_answering_search_service_id": "",
            "custom_question_answering_search_service_key": null,
            "custom_subdomain_name": "foundry-650",
            "customer_managed_key": [],
            "dynamic_throttling_enabled": false,
            "endpoint": "https://foundry-650.cognitiveservices.azure.com/",
            "fqdns": [],
            "id": "/subscriptions/dcef7009-6b94-4382-afdc-17eb160d709a/resourceGroups/rg-foundry-650/providers/Microsoft.CognitiveServices/accounts/foundry-650",
            "identity": [
              {
                "identity_ids": [],
                "principal_id": "3249d880-36f5-4b11-999b-91e096efe164",
                "tenant_id": "93139d1e-a3c1-4d78-9ed5-878be090eba4",
                "type": "SystemAssigned"
              }
            ],
            "kind": "AIServices",
            "local_auth_enabled": true,
            "location": "swedencentral",
            "metrics_advisor_aad_client_id": "",
            "metrics_advisor_aad_tenant_id": "",
            "metrics_advisor_super_user_name": "",
            "metrics_advisor_website_name": "",
            "name": "foundry-650",
            "network_acls": [],
            "network_injection": [],
            "outbound_network_access_restricted": false,
            "primary_access_key": "8WZoCOOoToB57y3AhYPIKksnK3osxiy6GXRZGXhaTgrnqJUr3BI4JQQJ99CCACfhMk5XJ3w3AAAAACOGN8Vr",
            "project_management_enabled": true,
            "public_network_access_enabled": true,
            "qna_runtime_endpoint": "",
            "resource_group_name": "rg-foundry-650",
            "secondary_access_key": "4fkM5QOC1Ng87e67DqUlN1dZjCrzyx1tv0aLhEER6jx6pSHiNVVEJQQJ99CCACfhMk5XJ3w3AAAAACOGsgzT",
            "sku_name": "S0",
            "storage": [],
            "tags": {
              "SecurityControl": "Ignore"
            },
            "timeouts": null
          },
          "sensitive_attributes": [
            [
              {
                "type": "get_attr",
                "value": "custom_question_answering_search_service_key"
              }
            ],
            [
              {
                "type": "get_attr",
                "value": "primary_access_key"
              }
            ],
            [
              {
                "type": "get_attr",
                "value": "secondary_access_key"
              }
            ]
          ],
          "identity_schema_version": 0,
          "identity": {
            "name": "foundry-650",
            "resource_group_name": "rg-foundry-650",
            "subscription_id": "dcef7009-6b94-4382-afdc-17eb160d709a"
          },
          "private": "eyJlMmJmYjczMC1lY2FhLTExZTYtOGY4OC0zNDM2M2JjN2M0YzAiOnsiY3JlYXRlIjoxODAwMDAwMDAwMDAwLCJkZWxldGUiOjE4MDAwMDAwMDAwMDAsInJlYWQiOjMwMDAwMDAwMDAwMCwidXBkYXRlIjoxODAwMDAwMDAwMDAwfX0=",
          "dependencies": [
            "azurerm_resource_group.rg"
          ]
        }
      ]
    },
    {
      "mode": "managed",
      "type": "azurerm_cognitive_account_project",
      "name": "project",
      "provider": "provider[\"registry.terraform.io/hashicorp/azurerm\"]",
      "instances": [
        {
          "schema_version": 0,
          "attributes": {
            "cognitive_account_id": "/subscriptions/dcef7009-6b94-4382-afdc-17eb160d709a/resourceGroups/rg-foundry-650/providers/Microsoft.CognitiveServices/accounts/foundry-650",
            "default": true,
            "description": "cognitive services project",
            "display_name": "Project - Hosted Agent",
            "endpoints": {
              "AI Foundry API": "https://foundry-650.services.ai.azure.com/api/projects/foundry-project-650"
            },
            "id": "/subscriptions/dcef7009-6b94-4382-afdc-17eb160d709a/resourceGroups/rg-foundry-650/providers/Microsoft.CognitiveServices/accounts/foundry-650/projects/foundry-project-650",
            "identity": [
              {
                "identity_ids": [],
                "principal_id": "7fac8867-91df-41c7-866a-20b3c7d71fa8",
                "tenant_id": "93139d1e-a3c1-4d78-9ed5-878be090eba4",
                "type": "SystemAssigned"
              }
            ],
            "location": "swedencentral",
            "name": "foundry-project-650",
            "tags": {},
            "timeouts": null
          },
          "sensitive_attributes": [],
          "identity_schema_version": 0,
          "private": "eyJlMmJmYjczMC1lY2FhLTExZTYtOGY4OC0zNDM2M2JjN2M0YzAiOnsiY3JlYXRlIjoxODAwMDAwMDAwMDAwLCJkZWxldGUiOjE4MDAwMDAwMDAwMDAsInJlYWQiOjMwMDAwMDAwMDAwMCwidXBkYXRlIjoxODAwMDAwMDAwMDAwfX0=",
          "dependencies": [
            "azurerm_cognitive_account.foundry",
            "azurerm_resource_group.rg"
          ]
        }
      ]
    },
    {
      "mode": "managed",
      "type": "azurerm_cognitive_deployment",
      "name": "gpt_52",
      "provider": "provider[\"registry.terraform.io/hashicorp/azurerm\"]",
      "instances": [
        {
          "schema_version": 0,
          "attributes": {
            "cognitive_account_id": "/subscriptions/dcef7009-6b94-4382-afdc-17eb160d709a/resourceGroups/rg-foundry-650/providers/Microsoft.CognitiveServices/accounts/foundry-650",
            "dynamic_throttling_enabled": false,
            "id": "/subscriptions/dcef7009-6b94-4382-afdc-17eb160d709a/resourceGroups/rg-foundry-650/providers/Microsoft.CognitiveServices/accounts/foundry-650/deployments/gpt-5.2",
            "model": [
              {
                "format": "OpenAI",
                "name": "gpt-5.2",
                "version": "2025-12-11"
              }
            ],
            "name": "gpt-5.2",
            "rai_policy_name": "Microsoft.DefaultV2",
            "sku": [
              {
                "capacity": 1000,
                "family": "",
                "name": "GlobalStandard",
                "size": "",
                "tier": ""
              }
            ],
            "timeouts": null,
            "version_upgrade_option": "NoAutoUpgrade"
          },
          "sensitive_attributes": [],
          "identity_schema_version": 0,
          "private": "eyJlMmJmYjczMC1lY2FhLTExZTYtOGY4OC0zNDM2M2JjN2M0YzAiOnsiY3JlYXRlIjoxODAwMDAwMDAwMDAwLCJkZWxldGUiOjE4MDAwMDAwMDAwMDAsInJlYWQiOjMwMDAwMDAwMDAwMCwidXBkYXRlIjoxODAwMDAwMDAwMDAwfX0=",
          "dependencies": [
            "azurerm_cognitive_account.foundry",
            "azurerm_resource_group.rg"
          ]
        }
      ]
    },
    {
      "mode": "managed",
      "type": "azurerm_container_registry",
      "name": "acr",
      "provider": "provider[\"registry.terraform.io/hashicorp/azurerm\"]",
      "instances": [
        {
          "schema_version": 2,
          "attributes": {
            "admin_enabled": false,
            "admin_password": "",
            "admin_username": "",
            "anonymous_pull_enabled": false,
            "data_endpoint_enabled": false,
            "data_endpoint_host_names": [],
            "encryption": [],
            "export_policy_enabled": true,
            "georeplications": [],
            "id": "/subscriptions/dcef7009-6b94-4382-afdc-17eb160d709a/resourceGroups/rg-foundry-650/providers/Microsoft.ContainerRegistry/registries/acr4hostedagent650",
            "identity": [],
            "location": "swedencentral",
            "login_server": "acr4hostedagent650.azurecr.io",
            "name": "acr4hostedagent650",
            "network_rule_bypass_option": "AzureServices",
            "network_rule_set": [],
            "public_network_access_enabled": true,
            "quarantine_policy_enabled": false,
            "resource_group_name": "rg-foundry-650",
            "retention_policy_in_days": 0,
            "sku": "Standard",
            "tags": {},
            "timeouts": null,
            "trust_policy_enabled": false,
            "zone_redundancy_enabled": false
          },
          "sensitive_attributes": [
            [
              {
                "type": "get_attr",
                "value": "admin_password"
              }
            ]
          ],
          "identity_schema_version": 0,
          "private": "eyJlMmJmYjczMC1lY2FhLTExZTYtOGY4OC0zNDM2M2JjN2M0YzAiOnsiY3JlYXRlIjoxODAwMDAwMDAwMDAwLCJkZWxldGUiOjE4MDAwMDAwMDAwMDAsInJlYWQiOjMwMDAwMDAwMDAwMCwidXBkYXRlIjoxODAwMDAwMDAwMDAwfSwic2NoZW1hX3ZlcnNpb24iOiIyIn0=",
          "dependencies": [
            "azurerm_resource_group.rg"
          ]
        }
      ]
    },
    {
      "mode": "managed",
      "type": "azurerm_resource_group",
      "name": "rg",
      "provider": "provider[\"registry.terraform.io/hashicorp/azurerm\"]",
      "instances": [
        {
          "schema_version": 0,
          "attributes": {
            "id": "/subscriptions/dcef7009-6b94-4382-afdc-17eb160d709a/resourceGroups/rg-foundry-650",
            "location": "swedencentral",
            "managed_by": "",
            "name": "rg-foundry-650",
            "tags": {},
            "timeouts": null
          },
          "sensitive_attributes": [],
          "identity_schema_version": 0,
          "identity": {
            "name": "rg-foundry-650",
            "subscription_id": "dcef7009-6b94-4382-afdc-17eb160d709a"
          },
          "private": "eyJlMmJmYjczMC1lY2FhLTExZTYtOGY4OC0zNDM2M2JjN2M0YzAiOnsiY3JlYXRlIjo1NDAwMDAwMDAwMDAwLCJkZWxldGUiOjU0MDAwMDAwMDAwMDAsInJlYWQiOjMwMDAwMDAwMDAwMCwidXBkYXRlIjo1NDAwMDAwMDAwMDAwfX0="
        }
      ]
    },
    {
      "mode": "managed",
      "type": "azurerm_role_assignment",
      "name": "ai-user",
      "provider": "provider[\"registry.terraform.io/hashicorp/azurerm\"]",
      "instances": [
        {
          "schema_version": 0,
          "attributes": {
            "condition": "",
            "condition_version": "",
            "delegated_managed_identity_resource_id": "",
            "description": "",
            "id": "/subscriptions/dcef7009-6b94-4382-afdc-17eb160d709a/resourceGroups/rg-foundry-650/providers/Microsoft.CognitiveServices/accounts/foundry-650/providers/Microsoft.Authorization/roleAssignments/e4994217-4dd5-4a2a-fa40-6314056369a4",
            "name": "e4994217-4dd5-4a2a-fa40-6314056369a4",
            "principal_id": "8173c45d-035e-4692-8f40-540cd5fc0f18",
            "principal_type": "User",
            "role_definition_id": "/subscriptions/dcef7009-6b94-4382-afdc-17eb160d709a/providers/Microsoft.Authorization/roleDefinitions/53ca6127-db72-4b80-b1b0-d745d6d5456d",
            "role_definition_name": "Azure AI User",
            "scope": "/subscriptions/dcef7009-6b94-4382-afdc-17eb160d709a/resourceGroups/rg-foundry-650/providers/Microsoft.CognitiveServices/accounts/foundry-650",
            "skip_service_principal_aad_check": null,
            "timeouts": null
          },
          "sensitive_attributes": [],
          "identity_schema_version": 0,
          "private": "eyJlMmJmYjczMC1lY2FhLTExZTYtOGY4OC0zNDM2M2JjN2M0YzAiOnsiY3JlYXRlIjoxODAwMDAwMDAwMDAwLCJkZWxldGUiOjE4MDAwMDAwMDAwMDAsInJlYWQiOjMwMDAwMDAwMDAwMH19",
          "dependencies": [
            "azurerm_cognitive_account.foundry",
            "azurerm_resource_group.rg",
            "data.azurerm_client_config.current"
          ]
        }
      ]
    },
    {
      "mode": "managed",
      "type": "azurerm_role_assignment",
      "name": "foundry_project_acrpull",
      "provider": "provider[\"registry.terraform.io/hashicorp/azurerm\"]",
      "instances": [
        {
          "schema_version": 0,
          "attributes": {
            "condition": "",
            "condition_version": "",
            "delegated_managed_identity_resource_id": "",
            "description": "",
            "id": "/subscriptions/dcef7009-6b94-4382-afdc-17eb160d709a/resourceGroups/rg-foundry-650/providers/Microsoft.ContainerRegistry/registries/acr4hostedagent650/providers/Microsoft.Authorization/roleAssignments/48ff5f0f-e13a-ff1e-7fd5-b4c0b7039c19",
            "name": "48ff5f0f-e13a-ff1e-7fd5-b4c0b7039c19",
            "principal_id": "7fac8867-91df-41c7-866a-20b3c7d71fa8",
            "principal_type": "ServicePrincipal",
            "role_definition_id": "/subscriptions/dcef7009-6b94-4382-afdc-17eb160d709a/providers/Microsoft.Authorization/roleDefinitions/7f951dda-4ed3-4680-a7ca-43fe172d538d",
            "role_definition_name": "AcrPull",
            "scope": "/subscriptions/dcef7009-6b94-4382-afdc-17eb160d709a/resourceGroups/rg-foundry-650/providers/Microsoft.ContainerRegistry/registries/acr4hostedagent650",
            "skip_service_principal_aad_check": null,
            "timeouts": null
          },
          "sensitive_attributes": [],
          "identity_schema_version": 0,
          "private": "eyJlMmJmYjczMC1lY2FhLTExZTYtOGY4OC0zNDM2M2JjN2M0YzAiOnsiY3JlYXRlIjoxODAwMDAwMDAwMDAwLCJkZWxldGUiOjE4MDAwMDAwMDAwMDAsInJlYWQiOjMwMDAwMDAwMDAwMH19",
          "dependencies": [
            "azurerm_cognitive_account.foundry",
            "azurerm_cognitive_account_project.project",
            "azurerm_container_registry.acr",
            "azurerm_resource_group.rg"
          ]
        }
      ]
    },
    {
      "mode": "managed",
      "type": "azurerm_role_assignment",
      "name": "role_azure_ai_user_foundry",
      "provider": "provider[\"registry.terraform.io/hashicorp/azurerm\"]",
      "instances": [
        {
          "schema_version": 0,
          "attributes": {
            "condition": "",
            "condition_version": "",
            "delegated_managed_identity_resource_id": "",
            "description": "",
            "id": "/subscriptions/dcef7009-6b94-4382-afdc-17eb160d709a/resourceGroups/rg-foundry-650/providers/Microsoft.CognitiveServices/accounts/foundry-650/providers/Microsoft.Authorization/roleAssignments/ba0af906-a219-28fb-07f7-7539863f0447",
            "name": "ba0af906-a219-28fb-07f7-7539863f0447",
            "principal_id": "7fac8867-91df-41c7-866a-20b3c7d71fa8",
            "principal_type": "ServicePrincipal",
            "role_definition_id": "/subscriptions/dcef7009-6b94-4382-afdc-17eb160d709a/providers/Microsoft.Authorization/roleDefinitions/53ca6127-db72-4b80-b1b0-d745d6d5456d",
            "role_definition_name": "Azure AI User",
            "scope": "/subscriptions/dcef7009-6b94-4382-afdc-17eb160d709a/resourceGroups/rg-foundry-650/providers/Microsoft.CognitiveServices/accounts/foundry-650",
            "skip_service_principal_aad_check": null,
            "timeouts": null
          },
          "sensitive_attributes": [],
          "identity_schema_version": 0,
          "private": "eyJlMmJmYjczMC1lY2FhLTExZTYtOGY4OC0zNDM2M2JjN2M0YzAiOnsiY3JlYXRlIjoxODAwMDAwMDAwMDAwLCJkZWxldGUiOjE4MDAwMDAwMDAwMDAsInJlYWQiOjMwMDAwMDAwMDAwMH19",
          "dependencies": [
            "azurerm_cognitive_account.foundry",
            "azurerm_cognitive_account_project.project",
            "azurerm_resource_group.rg"
          ]
        }
      ]
    }
  ],
  "check_results": null
}
